// !$*UTF8*$!
{
	archiveVersion = 1;
	classes = {
	};
	objectVersion = 56;
	objects = {

/* Begin PBXBuildFile section */
		494B59402B5571B700C170F3 /* GutenbergReaderApp.swift in Sources */ = {isa = PBXBuildFile; fileRef = 494B593F2B5571B700C170F3 /* GutenbergReaderApp.swift */; };
		494B59442B5571B800C170F3 /* Assets.xcassets in Resources */ = {isa = PBXBuildFile; fileRef = 494B59432B5571B800C170F3 /* Assets.xcassets */; };
		494B59472B5571B800C170F3 /* Preview Assets.xcassets in Resources */ = {isa = PBXBuildFile; fileRef = 494B59462B5571B800C170F3 /* Preview Assets.xcassets */; };
		494B594F2B55728A00C170F3 /* ComposableArchitecture in Frameworks */ = {isa = PBXBuildFile; productRef = 494B594E2B55728A00C170F3 /* ComposableArchitecture */; };
		494B595B2B55749500C170F3 /* GutenbergReaderTests.swift in Sources */ = {isa = PBXBuildFile; fileRef = 494B595A2B55749500C170F3 /* GutenbergReaderTests.swift */; };
		494B59622B5576F100C170F3 /* BooksListFeatureTests.swift in Sources */ = {isa = PBXBuildFile; fileRef = 494B59612B5576F100C170F3 /* BooksListFeatureTests.swift */; };
		494B59642B55795400C170F3 /* BooksListFeature.swift in Sources */ = {isa = PBXBuildFile; fileRef = 494B59632B55795400C170F3 /* BooksListFeature.swift */; };
		494B59672B557A8800C170F3 /* BooksListClient.swift in Sources */ = {isa = PBXBuildFile; fileRef = 494B59662B557A8800C170F3 /* BooksListClient.swift */; };
		49916D9A2B557E6C00DF5C0A /* Books.swift in Sources */ = {isa = PBXBuildFile; fileRef = 49916D992B557E6C00DF5C0A /* Books.swift */; };
		49916DA42B55C13E00DF5C0A /* BooksListView.swift in Sources */ = {isa = PBXBuildFile; fileRef = 49916DA32B55C13E00DF5C0A /* BooksListView.swift */; };
		49C016252B56A7D700090C31 /* DownloadManager.swift in Sources */ = {isa = PBXBuildFile; fileRef = 49C016242B56A7D700090C31 /* DownloadManager.swift */; };
		49C016272B56A91700090C31 /* BookDetailClient.swift in Sources */ = {isa = PBXBuildFile; fileRef = 49C016262B56A91700090C31 /* BookDetailClient.swift */; };
		49C0162A2B56B76C00090C31 /* FileManager+Extensions.swift in Sources */ = {isa = PBXBuildFile; fileRef = 49C016292B56B76C00090C31 /* FileManager+Extensions.swift */; };
		49D4D8722B566252003BA161 /* BookDetailFeatureTests.swift in Sources */ = {isa = PBXBuildFile; fileRef = 49D4D8712B566252003BA161 /* BookDetailFeatureTests.swift */; };
		49D4D8742B566ACB003BA161 /* BookDetailFeature.swift in Sources */ = {isa = PBXBuildFile; fileRef = 49D4D8732B566ACB003BA161 /* BookDetailFeature.swift */; };
		49D4D8762B566B26003BA161 /* BookDetailView.swift in Sources */ = {isa = PBXBuildFile; fileRef = 49D4D8752B566B26003BA161 /* BookDetailView.swift */; };
		49D4D8792B566BE5003BA161 /* MockupBooks.swift in Sources */ = {isa = PBXBuildFile; fileRef = 49D4D8782B566BE5003BA161 /* MockupBooks.swift */; };
/* End PBXBuildFile section */

/* Begin PBXContainerItemProxy section */
		494B595C2B55749500C170F3 /* PBXContainerItemProxy */ = {
			isa = PBXContainerItemProxy;
			containerPortal = 494B59342B5571B700C170F3 /* Project object */;
			proxyType = 1;
			remoteGlobalIDString = 494B593B2B5571B700C170F3;
			remoteInfo = GutenbergReader;
		};
/* End PBXContainerItemProxy section */

/* Begin PBXFileReference section */
		494B593C2B5571B700C170F3 /* GutenbergReader.app */ = {isa = PBXFileReference; explicitFileType = wrapper.application; includeInIndex = 0; path = GutenbergReader.app; sourceTree = BUILT_PRODUCTS_DIR; };
		494B593F2B5571B700C170F3 /* GutenbergReaderApp.swift */ = {isa = PBXFileReference; lastKnownFileType = sourcecode.swift; path = GutenbergReaderApp.swift; sourceTree = "<group>"; };
		494B59432B5571B800C170F3 /* Assets.xcassets */ = {isa = PBXFileReference; lastKnownFileType = folder.assetcatalog; path = Assets.xcassets; sourceTree = "<group>"; };
		494B59462B5571B800C170F3 /* Preview Assets.xcassets */ = {isa = PBXFileReference; lastKnownFileType = folder.assetcatalog; path = "Preview Assets.xcassets"; sourceTree = "<group>"; };
		494B59582B55749500C170F3 /* GutenbergReaderTests.xctest */ = {isa = PBXFileReference; explicitFileType = wrapper.cfbundle; includeInIndex = 0; path = GutenbergReaderTests.xctest; sourceTree = BUILT_PRODUCTS_DIR; };
		494B595A2B55749500C170F3 /* GutenbergReaderTests.swift */ = {isa = PBXFileReference; lastKnownFileType = sourcecode.swift; path = GutenbergReaderTests.swift; sourceTree = "<group>"; };
		494B59612B5576F100C170F3 /* BooksListFeatureTests.swift */ = {isa = PBXFileReference; lastKnownFileType = sourcecode.swift; path = BooksListFeatureTests.swift; sourceTree = "<group>"; };
		494B59632B55795400C170F3 /* BooksListFeature.swift */ = {isa = PBXFileReference; lastKnownFileType = sourcecode.swift; path = BooksListFeature.swift; sourceTree = "<group>"; };
		494B59662B557A8800C170F3 /* BooksListClient.swift */ = {isa = PBXFileReference; lastKnownFileType = sourcecode.swift; path = BooksListClient.swift; sourceTree = "<group>"; };
		49916D992B557E6C00DF5C0A /* Books.swift */ = {isa = PBXFileReference; lastKnownFileType = sourcecode.swift; path = Books.swift; sourceTree = "<group>"; };
		49916DA32B55C13E00DF5C0A /* BooksListView.swift */ = {isa = PBXFileReference; lastKnownFileType = sourcecode.swift; path = BooksListView.swift; sourceTree = "<group>"; };
		49C016242B56A7D700090C31 /* DownloadManager.swift */ = {isa = PBXFileReference; lastKnownFileType = sourcecode.swift; path = DownloadManager.swift; sourceTree = "<group>"; };
		49C016262B56A91700090C31 /* BookDetailClient.swift */ = {isa = PBXFileReference; lastKnownFileType = sourcecode.swift; path = BookDetailClient.swift; sourceTree = "<group>"; };
		49C016292B56B76C00090C31 /* FileManager+Extensions.swift */ = {isa = PBXFileReference; lastKnownFileType = sourcecode.swift; path = "FileManager+Extensions.swift"; sourceTree = "<group>"; };
		49D4D8712B566252003BA161 /* BookDetailFeatureTests.swift */ = {isa = PBXFileReference; lastKnownFileType = sourcecode.swift; path = BookDetailFeatureTests.swift; sourceTree = "<group>"; };
		49D4D8732B566ACB003BA161 /* BookDetailFeature.swift */ = {isa = PBXFileReference; lastKnownFileType = sourcecode.swift; path = BookDetailFeature.swift; sourceTree = "<group>"; };
		49D4D8752B566B26003BA161 /* BookDetailView.swift */ = {isa = PBXFileReference; lastKnownFileType = sourcecode.swift; path = BookDetailView.swift; sourceTree = "<group>"; };
		49D4D8782B566BE5003BA161 /* MockupBooks.swift */ = {isa = PBXFileReference; lastKnownFileType = sourcecode.swift; path = MockupBooks.swift; sourceTree = "<group>"; };
/* End PBXFileReference section */

/* Begin PBXFrameworksBuildPhase section */
		494B59392B5571B700C170F3 /* Frameworks */ = {
			isa = PBXFrameworksBuildPhase;
			buildActionMask = 2147483647;
			files = (
				494B594F2B55728A00C170F3 /* ComposableArchitecture in Frameworks */,
			);
			runOnlyForDeploymentPostprocessing = 0;
		};
		494B59552B55749500C170F3 /* Frameworks */ = {
			isa = PBXFrameworksBuildPhase;
			buildActionMask = 2147483647;
			files = (
			);
			runOnlyForDeploymentPostprocessing = 0;
		};
/* End PBXFrameworksBuildPhase section */

/* Begin PBXGroup section */
		494B59332B5571B700C170F3 = {
			isa = PBXGroup;
			children = (
				494B593E2B5571B700C170F3 /* GutenbergReader */,
				494B59592B55749500C170F3 /* GutenbergReaderTests */,
				494B593D2B5571B700C170F3 /* Products */,
			);
			sourceTree = "<group>";
		};
		494B593D2B5571B700C170F3 /* Products */ = {
			isa = PBXGroup;
			children = (
				494B593C2B5571B700C170F3 /* GutenbergReader.app */,
				494B59582B55749500C170F3 /* GutenbergReaderTests.xctest */,
			);
			name = Products;
			sourceTree = "<group>";
		};
		494B593E2B5571B700C170F3 /* GutenbergReader */ = {
			isa = PBXGroup;
			children = (
				49C016282B56B65900090C31 /* Extensions */,
				49C016232B56A7CD00090C31 /* Helpers */,
				49916DA22B55C13100DF5C0A /* Views */,
				49916D9B2B557E7200DF5C0A /* Model */,
				494B59652B557A7500C170F3 /* Environment */,
				494B593F2B5571B700C170F3 /* GutenbergReaderApp.swift */,
				494B59432B5571B800C170F3 /* Assets.xcassets */,
				494B59452B5571B800C170F3 /* Preview Content */,
			);
			path = GutenbergReader;
			sourceTree = "<group>";
		};
		494B59452B5571B800C170F3 /* Preview Content */ = {
			isa = PBXGroup;
			children = (
				494B59462B5571B800C170F3 /* Preview Assets.xcassets */,
			);
			path = "Preview Content";
			sourceTree = "<group>";
		};
		494B59592B55749500C170F3 /* GutenbergReaderTests */ = {
			isa = PBXGroup;
			children = (
				494B595A2B55749500C170F3 /* GutenbergReaderTests.swift */,
				494B59612B5576F100C170F3 /* BooksListFeatureTests.swift */,
				49D4D8712B566252003BA161 /* BookDetailFeatureTests.swift */,
			);
			path = GutenbergReaderTests;
			sourceTree = "<group>";
		};
		494B59652B557A7500C170F3 /* Environment */ = {
			isa = PBXGroup;
			children = (
				494B59662B557A8800C170F3 /* BooksListClient.swift */,
				49C016262B56A91700090C31 /* BookDetailClient.swift */,
			);
			path = Environment;
			sourceTree = "<group>";
		};
		49916D9B2B557E7200DF5C0A /* Model */ = {
			isa = PBXGroup;
			children = (
				49D4D8772B566BD8003BA161 /* Mockups */,
				49916D992B557E6C00DF5C0A /* Books.swift */,
			);
			path = Model;
			sourceTree = "<group>";
		};
		49916DA22B55C13100DF5C0A /* Views */ = {
			isa = PBXGroup;
			children = (
				49BC78152B569A800035D7EF /* BookDetail */,
				49BC78142B569A790035D7EF /* BookList */,
			);
			path = Views;
			sourceTree = "<group>";
		};
		49BC78142B569A790035D7EF /* BookList */ = {
			isa = PBXGroup;
			children = (
				494B59632B55795400C170F3 /* BooksListFeature.swift */,
				49916DA32B55C13E00DF5C0A /* BooksListView.swift */,
			);
			path = BookList;
			sourceTree = "<group>";
		};
		49BC78152B569A800035D7EF /* BookDetail */ = {
			isa = PBXGroup;
			children = (
				49D4D8732B566ACB003BA161 /* BookDetailFeature.swift */,
				49D4D8752B566B26003BA161 /* BookDetailView.swift */,
			);
			path = BookDetail;
			sourceTree = "<group>";
		};
		49C016232B56A7CD00090C31 /* Helpers */ = {
			isa = PBXGroup;
			children = (
				49C016242B56A7D700090C31 /* DownloadManager.swift */,
			);
			path = Helpers;
			sourceTree = "<group>";
		};
		49C016282B56B65900090C31 /* Extensions */ = {
			isa = PBXGroup;
			children = (
				49C016292B56B76C00090C31 /* FileManager+Extensions.swift */,
			);
			path = Extensions;
			sourceTree = "<group>";
		};
		49D4D8772B566BD8003BA161 /* Mockups */ = {
			isa = PBXGroup;
			children = (
				49D4D8782B566BE5003BA161 /* MockupBooks.swift */,
			);
			path = Mockups;
			sourceTree = "<group>";
		};
/* End PBXGroup section */

/* Begin PBXNativeTarget section */
		494B593B2B5571B700C170F3 /* GutenbergReader */ = {
			isa = PBXNativeTarget;
			buildConfigurationList = 494B594A2B5571B800C170F3 /* Build configuration list for PBXNativeTarget "GutenbergReader" */;
			buildPhases = (
				494B59382B5571B700C170F3 /* Sources */,
				494B59392B5571B700C170F3 /* Frameworks */,
				494B593A2B5571B700C170F3 /* Resources */,
			);
			buildRules = (
			);
			dependencies = (
			);
			name = GutenbergReader;
			packageProductDependencies = (
				494B594E2B55728A00C170F3 /* ComposableArchitecture */,
			);
			productName = GutenbergReader;
			productReference = 494B593C2B5571B700C170F3 /* GutenbergReader.app */;
			productType = "com.apple.product-type.application";
		};
		494B59572B55749500C170F3 /* GutenbergReaderTests */ = {
			isa = PBXNativeTarget;
			buildConfigurationList = 494B595E2B55749500C170F3 /* Build configuration list for PBXNativeTarget "GutenbergReaderTests" */;
			buildPhases = (
				494B59542B55749500C170F3 /* Sources */,
				494B59552B55749500C170F3 /* Frameworks */,
				494B59562B55749500C170F3 /* Resources */,
			);
			buildRules = (
			);
			dependencies = (
				494B595D2B55749500C170F3 /* PBXTargetDependency */,
			);
			name = GutenbergReaderTests;
			productName = GutenbergReaderTests;
			productReference = 494B59582B55749500C170F3 /* GutenbergReaderTests.xctest */;
			productType = "com.apple.product-type.bundle.unit-test";
		};
/* End PBXNativeTarget section */

/* Begin PBXProject section */
		494B59342B5571B700C170F3 /* Project object */ = {
			isa = PBXProject;
			attributes = {
				BuildIndependentTargetsInParallel = 1;
				LastSwiftUpdateCheck = 1520;
				LastUpgradeCheck = 1520;
				TargetAttributes = {
					494B593B2B5571B700C170F3 = {
						CreatedOnToolsVersion = 15.2;
					};
					494B59572B55749500C170F3 = {
						CreatedOnToolsVersion = 15.2;
						TestTargetID = 494B593B2B5571B700C170F3;
					};
				};
			};
			buildConfigurationList = 494B59372B5571B700C170F3 /* Build configuration list for PBXProject "GutenbergReader" */;
			compatibilityVersion = "Xcode 14.0";
			developmentRegion = en;
			hasScannedForEncodings = 0;
			knownRegions = (
				en,
				Base,
			);
			mainGroup = 494B59332B5571B700C170F3;
			packageReferences = (
				494B594D2B55728900C170F3 /* XCRemoteSwiftPackageReference "swift-composable-architecture" */,
			);
			productRefGroup = 494B593D2B5571B700C170F3 /* Products */;
			projectDirPath = "";
			projectRoot = "";
			targets = (
				494B593B2B5571B700C170F3 /* GutenbergReader */,
				494B59572B55749500C170F3 /* GutenbergReaderTests */,
			);
		};
/* End PBXProject section */

/* Begin PBXResourcesBuildPhase section */
		494B593A2B5571B700C170F3 /* Resources */ = {
			isa = PBXResourcesBuildPhase;
			buildActionMask = 2147483647;
			files = (
				494B59472B5571B800C170F3 /* Preview Assets.xcassets in Resources */,
				494B59442B5571B800C170F3 /* Assets.xcassets in Resources */,
			);
			runOnlyForDeploymentPostprocessing = 0;
		};
		494B59562B55749500C170F3 /* Resources */ = {
			isa = PBXResourcesBuildPhase;
			buildActionMask = 2147483647;
			files = (
			);
			runOnlyForDeploymentPostprocessing = 0;
		};
/* End PBXResourcesBuildPhase section */

/* Begin PBXSourcesBuildPhase section */
		494B59382B5571B700C170F3 /* Sources */ = {
			isa = PBXSourcesBuildPhase;
			buildActionMask = 2147483647;
			files = (
				494B59642B55795400C170F3 /* BooksListFeature.swift in Sources */,
				494B59672B557A8800C170F3 /* BooksListClient.swift in Sources */,
				49D4D8742B566ACB003BA161 /* BookDetailFeature.swift in Sources */,
				49C0162A2B56B76C00090C31 /* FileManager+Extensions.swift in Sources */,
				494B59402B5571B700C170F3 /* GutenbergReaderApp.swift in Sources */,
				49916D9A2B557E6C00DF5C0A /* Books.swift in Sources */,
				49D4D8792B566BE5003BA161 /* MockupBooks.swift in Sources */,
				49C016272B56A91700090C31 /* BookDetailClient.swift in Sources */,
				49916DA42B55C13E00DF5C0A /* BooksListView.swift in Sources */,
				49C016252B56A7D700090C31 /* DownloadManager.swift in Sources */,
				49D4D8762B566B26003BA161 /* BookDetailView.swift in Sources */,
			);
			runOnlyForDeploymentPostprocessing = 0;
		};
		494B59542B55749500C170F3 /* Sources */ = {
			isa = PBXSourcesBuildPhase;
			buildActionMask = 2147483647;
			files = (
				494B59622B5576F100C170F3 /* BooksListFeatureTests.swift in Sources */,
				49D4D8722B566252003BA161 /* BookDetailFeatureTests.swift in Sources */,
				494B595B2B55749500C170F3 /* GutenbergReaderTests.swift in Sources */,
			);
			runOnlyForDeploymentPostprocessing = 0;
		};
/* End PBXSourcesBuildPhase section */

/* Begin PBXTargetDependency section */
		494B595D2B55749500C170F3 /* PBXTargetDependency */ = {
			isa = PBXTargetDependency;
			target = 494B593B2B5571B700C170F3 /* GutenbergReader */;
			targetProxy = 494B595C2B55749500C170F3 /* PBXContainerItemProxy */;
		};
/* End PBXTargetDependency section */

/* Begin XCBuildConfiguration section */
		494B59482B5571B800C170F3 /* Debug */ = {
			isa = XCBuildConfiguration;
			buildSettings = {
				ALWAYS_SEARCH_USER_PATHS = NO;
				ASSETCATALOG_COMPILER_GENERATE_SWIFT_ASSET_SYMBOL_EXTENSIONS = YES;
				CLANG_ANALYZER_NONNULL = YES;
				CLANG_ANALYZER_NUMBER_OBJECT_CONVERSION = YES_AGGRESSIVE;
				CLANG_CXX_LANGUAGE_STANDARD = "gnu++20";
				CLANG_ENABLE_MODULES = YES;
				CLANG_ENABLE_OBJC_ARC = YES;
				CLANG_ENABLE_OBJC_WEAK = YES;
				CLANG_WARN_BLOCK_CAPTURE_AUTORELEASING = YES;
				CLANG_WARN_BOOL_CONVERSION = YES;
				CLANG_WARN_COMMA = YES;
				CLANG_WARN_CONSTANT_CONVERSION = YES;
				CLANG_WARN_DEPRECATED_OBJC_IMPLEMENTATIONS = YES;
				CLANG_WARN_DIRECT_OBJC_ISA_USAGE = YES_ERROR;
				CLANG_WARN_DOCUMENTATION_COMMENTS = YES;
				CLANG_WARN_EMPTY_BODY = YES;
				CLANG_WARN_ENUM_CONVERSION = YES;
				CLANG_WARN_INFINITE_RECURSION = YES;
				CLANG_WARN_INT_CONVERSION = YES;
				CLANG_WARN_NON_LITERAL_NULL_CONVERSION = YES;
				CLANG_WARN_OBJC_IMPLICIT_RETAIN_SELF = YES;
				CLANG_WARN_OBJC_LITERAL_CONVERSION = YES;
				CLANG_WARN_OBJC_ROOT_CLASS = YES_ERROR;
				CLANG_WARN_QUOTED_INCLUDE_IN_FRAMEWORK_HEADER = YES;
				CLANG_WARN_RANGE_LOOP_ANALYSIS = YES;
				CLANG_WARN_STRICT_PROTOTYPES = YES;
				CLANG_WARN_SUSPICIOUS_MOVE = YES;
				CLANG_WARN_UNGUARDED_AVAILABILITY = YES_AGGRESSIVE;
				CLANG_WARN_UNREACHABLE_CODE = YES;
				CLANG_WARN__DUPLICATE_METHOD_MATCH = YES;
				COPY_PHASE_STRIP = NO;
				DEBUG_INFORMATION_FORMAT = dwarf;
				ENABLE_STRICT_OBJC_MSGSEND = YES;
				ENABLE_TESTABILITY = YES;
				ENABLE_USER_SCRIPT_SANDBOXING = YES;
				GCC_C_LANGUAGE_STANDARD = gnu17;
				GCC_DYNAMIC_NO_PIC = NO;
				GCC_NO_COMMON_BLOCKS = YES;
				GCC_OPTIMIZATION_LEVEL = 0;
				GCC_PREPROCESSOR_DEFINITIONS = (
					"DEBUG=1",
					"$(inherited)",
				);
				GCC_WARN_64_TO_32_BIT_CONVERSION = YES;
				GCC_WARN_ABOUT_RETURN_TYPE = YES_ERROR;
				GCC_WARN_UNDECLARED_SELECTOR = YES;
				GCC_WARN_UNINITIALIZED_AUTOS = YES_AGGRESSIVE;
				GCC_WARN_UNUSED_FUNCTION = YES;
				GCC_WARN_UNUSED_VARIABLE = YES;
				IPHONEOS_DEPLOYMENT_TARGET = 17.2;
				LOCALIZATION_PREFERS_STRING_CATALOGS = YES;
				MTL_ENABLE_DEBUG_INFO = INCLUDE_SOURCE;
				MTL_FAST_MATH = YES;
				ONLY_ACTIVE_ARCH = YES;
				SDKROOT = iphoneos;
				SWIFT_ACTIVE_COMPILATION_CONDITIONS = "DEBUG $(inherited)";
				SWIFT_OPTIMIZATION_LEVEL = "-Onone";
			};
			name = Debug;
		};
		494B59492B5571B800C170F3 /* Release */ = {
			isa = XCBuildConfiguration;
			buildSettings = {
				ALWAYS_SEARCH_USER_PATHS = NO;
				ASSETCATALOG_COMPILER_GENERATE_SWIFT_ASSET_SYMBOL_EXTENSIONS = YES;
				CLANG_ANALYZER_NONNULL = YES;
				CLANG_ANALYZER_NUMBER_OBJECT_CONVERSION = YES_AGGRESSIVE;
				CLANG_CXX_LANGUAGE_STANDARD = "gnu++20";
				CLANG_ENABLE_MODULES = YES;
				CLANG_ENABLE_OBJC_ARC = YES;
				CLANG_ENABLE_OBJC_WEAK = YES;
				CLANG_WARN_BLOCK_CAPTURE_AUTORELEASING = YES;
				CLANG_WARN_BOOL_CONVERSION = YES;
				CLANG_WARN_COMMA = YES;
				CLANG_WARN_CONSTANT_CONVERSION = YES;
				CLANG_WARN_DEPRECATED_OBJC_IMPLEMENTATIONS = YES;
				CLANG_WARN_DIRECT_OBJC_ISA_USAGE = YES_ERROR;
				CLANG_WARN_DOCUMENTATION_COMMENTS = YES;
				CLANG_WARN_EMPTY_BODY = YES;
				CLANG_WARN_ENUM_CONVERSION = YES;
				CLANG_WARN_INFINITE_RECURSION = YES;
				CLANG_WARN_INT_CONVERSION = YES;
				CLANG_WARN_NON_LITERAL_NULL_CONVERSION = YES;
				CLANG_WARN_OBJC_IMPLICIT_RETAIN_SELF = YES;
				CLANG_WARN_OBJC_LITERAL_CONVERSION = YES;
				CLANG_WARN_OBJC_ROOT_CLASS = YES_ERROR;
				CLANG_WARN_QUOTED_INCLUDE_IN_FRAMEWORK_HEADER = YES;
				CLANG_WARN_RANGE_LOOP_ANALYSIS = YES;
				CLANG_WARN_STRICT_PROTOTYPES = YES;
				CLANG_WARN_SUSPICIOUS_MOVE = YES;
				CLANG_WARN_UNGUARDED_AVAILABILITY = YES_AGGRESSIVE;
				CLANG_WARN_UNREACHABLE_CODE = YES;
				CLANG_WARN__DUPLICATE_METHOD_MATCH = YES;
				COPY_PHASE_STRIP = NO;
				DEBUG_INFORMATION_FORMAT = "dwarf-with-dsym";
				ENABLE_NS_ASSERTIONS = NO;
				ENABLE_STRICT_OBJC_MSGSEND = YES;
				ENABLE_USER_SCRIPT_SANDBOXING = YES;
				GCC_C_LANGUAGE_STANDARD = gnu17;
				GCC_NO_COMMON_BLOCKS = YES;
				GCC_WARN_64_TO_32_BIT_CONVERSION = YES;
				GCC_WARN_ABOUT_RETURN_TYPE = YES_ERROR;
				GCC_WARN_UNDECLARED_SELECTOR = YES;
				GCC_WARN_UNINITIALIZED_AUTOS = YES_AGGRESSIVE;
				GCC_WARN_UNUSED_FUNCTION = YES;
				GCC_WARN_UNUSED_VARIABLE = YES;
				IPHONEOS_DEPLOYMENT_TARGET = 17.2;
				LOCALIZATION_PREFERS_STRING_CATALOGS = YES;
				MTL_ENABLE_DEBUG_INFO = NO;
				MTL_FAST_MATH = YES;
				SDKROOT = iphoneos;
				SWIFT_COMPILATION_MODE = wholemodule;
				VALIDATE_PRODUCT = YES;
			};
			name = Release;
		};
		494B594B2B5571B800C170F3 /* Debug */ = {
			isa = XCBuildConfiguration;
			buildSettings = {
				ASSETCATALOG_COMPILER_APPICON_NAME = AppIcon;
				ASSETCATALOG_COMPILER_GLOBAL_ACCENT_COLOR_NAME = AccentColor;
				CODE_SIGN_STYLE = Automatic;
				CURRENT_PROJECT_VERSION = 1;
				DEVELOPMENT_ASSET_PATHS = "\"GutenbergReader/Preview Content\"";
				DEVELOPMENT_TEAM = 6FYBSB5TJR;
				ENABLE_PREVIEWS = YES;
				GENERATE_INFOPLIST_FILE = YES;
				INFOPLIST_KEY_UIApplicationSceneManifest_Generation = YES;
				INFOPLIST_KEY_UIApplicationSupportsIndirectInputEvents = YES;
				INFOPLIST_KEY_UILaunchScreen_Generation = YES;
				INFOPLIST_KEY_UISupportedInterfaceOrientations_iPad = "UIInterfaceOrientationPortrait UIInterfaceOrientationPortraitUpsideDown UIInterfaceOrientationLandscapeLeft UIInterfaceOrientationLandscapeRight";
				INFOPLIST_KEY_UISupportedInterfaceOrientations_iPhone = "UIInterfaceOrientationPortrait UIInterfaceOrientationLandscapeLeft UIInterfaceOrientationLandscapeRight";
				LD_RUNPATH_SEARCH_PATHS = (
					"$(inherited)",
					"@executable_path/Frameworks",
				);
				MARKETING_VERSION = 1.0;
				PRODUCT_BUNDLE_IDENTIFIER = com.fikretozdil.GutenbergReader;
				PRODUCT_NAME = "$(TARGET_NAME)";
				SUPPORTED_PLATFORMS = "iphoneos iphonesimulator";
				SUPPORTS_MACCATALYST = NO;
				SUPPORTS_MAC_DESIGNED_FOR_IPHONE_IPAD = NO;
				SUPPORTS_XR_DESIGNED_FOR_IPHONE_IPAD = NO;
				SWIFT_EMIT_LOC_STRINGS = YES;
				SWIFT_VERSION = 5.0;
				TARGETED_DEVICE_FAMILY = 1;
			};
			name = Debug;
		};
		494B594C2B5571B800C170F3 /* Release */ = {
			isa = XCBuildConfiguration;
			buildSettings = {
				ASSETCATALOG_COMPILER_APPICON_NAME = AppIcon;
				ASSETCATALOG_COMPILER_GLOBAL_ACCENT_COLOR_NAME = AccentColor;
				CODE_SIGN_STYLE = Automatic;
				CURRENT_PROJECT_VERSION = 1;
				DEVELOPMENT_ASSET_PATHS = "\"GutenbergReader/Preview Content\"";
				DEVELOPMENT_TEAM = 6FYBSB5TJR;
				ENABLE_PREVIEWS = YES;
				GENERATE_INFOPLIST_FILE = YES;
				INFOPLIST_KEY_UIApplicationSceneManifest_Generation = YES;
				INFOPLIST_KEY_UIApplicationSupportsIndirectInputEvents = YES;
				INFOPLIST_KEY_UILaunchScreen_Generation = YES;
				INFOPLIST_KEY_UISupportedInterfaceOrientations_iPad = "UIInterfaceOrientationPortrait UIInterfaceOrientationPortraitUpsideDown UIInterfaceOrientationLandscapeLeft UIInterfaceOrientationLandscapeRight";
				INFOPLIST_KEY_UISupportedInterfaceOrientations_iPhone = "UIInterfaceOrientationPortrait UIInterfaceOrientationLandscapeLeft UIInterfaceOrientationLandscapeRight";
				LD_RUNPATH_SEARCH_PATHS = (
					"$(inherited)",
					"@executable_path/Frameworks",
				);
				MARKETING_VERSION = 1.0;
				PRODUCT_BUNDLE_IDENTIFIER = com.fikretozdil.GutenbergReader;
				PRODUCT_NAME = "$(TARGET_NAME)";
				SUPPORTED_PLATFORMS = "iphoneos iphonesimulator";
				SUPPORTS_MACCATALYST = NO;
				SUPPORTS_MAC_DESIGNED_FOR_IPHONE_IPAD = NO;
				SUPPORTS_XR_DESIGNED_FOR_IPHONE_IPAD = NO;
				SWIFT_EMIT_LOC_STRINGS = YES;
				SWIFT_VERSION = 5.0;
				TARGETED_DEVICE_FAMILY = 1;
			};
			name = Release;
		};
		494B595F2B55749500C170F3 /* Debug */ = {
			isa = XCBuildConfiguration;
			buildSettings = {
				BUNDLE_LOADER = "$(TEST_HOST)";
				CODE_SIGN_STYLE = Automatic;
				CURRENT_PROJECT_VERSION = 1;
				DEVELOPMENT_TEAM = 6FYBSB5TJR;
				GENERATE_INFOPLIST_FILE = YES;
				MARKETING_VERSION = 1.0;
				PRODUCT_BUNDLE_IDENTIFIER = com.fikretozdil.GutenbergReaderTests;
				PRODUCT_NAME = "$(TARGET_NAME)";
				SUPPORTED_PLATFORMS = "iphoneos iphonesimulator";
				SUPPORTS_MACCATALYST = NO;
				SUPPORTS_MAC_DESIGNED_FOR_IPHONE_IPAD = NO;
				SUPPORTS_XR_DESIGNED_FOR_IPHONE_IPAD = NO;
				SWIFT_EMIT_LOC_STRINGS = NO;
				SWIFT_VERSION = 5.0;
				TARGETED_DEVICE_FAMILY = 1;
				TEST_HOST = "$(BUILT_PRODUCTS_DIR)/GutenbergReader.app/$(BUNDLE_EXECUTABLE_FOLDER_PATH)/GutenbergReader";
			};
			name = Debug;
		};
		494B59602B55749500C170F3 /* Release */ = {
			isa = XCBuildConfiguration;
			buildSettings = {
				BUNDLE_LOADER = "$(TEST_HOST)";
				CODE_SIGN_STYLE = Automatic;
				CURRENT_PROJECT_VERSION = 1;
				DEVELOPMENT_TEAM = 6FYBSB5TJR;
				GENERATE_INFOPLIST_FILE = YES;
				MARKETING_VERSION = 1.0;
				PRODUCT_BUNDLE_IDENTIFIER = com.fikretozdil.GutenbergReaderTests;
				PRODUCT_NAME = "$(TARGET_NAME)";
				SUPPORTED_PLATFORMS = "iphoneos iphonesimulator";
				SUPPORTS_MACCATALYST = NO;
				SUPPORTS_MAC_DESIGNED_FOR_IPHONE_IPAD = NO;
				SUPPORTS_XR_DESIGNED_FOR_IPHONE_IPAD = NO;
				SWIFT_EMIT_LOC_STRINGS = NO;
				SWIFT_VERSION = 5.0;
				TARGETED_DEVICE_FAMILY = 1;
				TEST_HOST = "$(BUILT_PRODUCTS_DIR)/GutenbergReader.app/$(BUNDLE_EXECUTABLE_FOLDER_PATH)/GutenbergReader";
			};
			name = Release;
		};
/* End XCBuildConfiguration section */

/* Begin XCConfigurationList section */
		494B59372B5571B700C170F3 /* Build configuration list for PBXProject "GutenbergReader" */ = {
			isa = XCConfigurationList;
			buildConfigurations = (
				494B59482B5571B800C170F3 /* Debug */,
				494B59492B5571B800C170F3 /* Release */,
			);
			defaultConfigurationIsVisible = 0;
			defaultConfigurationName = Release;
		};
		494B594A2B5571B800C170F3 /* Build configuration list for PBXNativeTarget "GutenbergReader" */ = {
			isa = XCConfigurationList;
			buildConfigurations = (
				494B594B2B5571B800C170F3 /* Debug */,
				494B594C2B5571B800C170F3 /* Release */,
			);
			defaultConfigurationIsVisible = 0;
			defaultConfigurationName = Release;
		};
		494B595E2B55749500C170F3 /* Build configuration list for PBXNativeTarget "GutenbergReaderTests" */ = {
			isa = XCConfigurationList;
			buildConfigurations = (
				494B595F2B55749500C170F3 /* Debug */,
				494B59602B55749500C170F3 /* Release */,
			);
			defaultConfigurationIsVisible = 0;
			defaultConfigurationName = Release;
		};
/* End XCConfigurationList section */

/* Begin XCRemoteSwiftPackageReference section */
		494B594D2B55728900C170F3 /* XCRemoteSwiftPackageReference "swift-composable-architecture" */ = {
			isa = XCRemoteSwiftPackageReference;
			repositoryURL = "https://github.com/pointfreeco/swift-composable-architecture";
			requirement = {
				kind = upToNextMajorVersion;
				minimumVersion = 1.6.0;
			};
		};
/* End XCRemoteSwiftPackageReference section */

/* Begin XCSwiftPackageProductDependency section */
		494B594E2B55728A00C170F3 /* ComposableArchitecture */ = {
			isa = XCSwiftPackageProductDependency;
			package = 494B594D2B55728900C170F3 /* XCRemoteSwiftPackageReference "swift-composable-architecture" */;
			productName = ComposableArchitecture;
		};
/* End XCSwiftPackageProductDependency section */
	};
	rootObject = 494B59342B5571B700C170F3 /* Project object */;
}
