// !$*UTF8*$!
{
	archiveVersion = 1;
	classes = {
	};
	objectVersion = 56;
	objects = {

/* Begin PBXBuildFile section */
		1966AF516F6FED1AE0521846 /* Pods_GutenbergReaderTests.framework in Frameworks */ = {isa = PBXBuildFile; fileRef = 529AAE3BF9F1843788518B10 /* Pods_GutenbergReaderTests.framework */; };
		49071ADF2B57E30900CA3F35 /* WebView.swift in Sources */ = {isa = PBXBuildFile; fileRef = 49071ADE2B57E30900CA3F35 /* WebView.swift */; };
		493F6D732B5D7E94007F717C /* SettingsFeatureView.swift in Sources */ = {isa = PBXBuildFile; fileRef = 493F6D722B5D7E94007F717C /* SettingsFeatureView.swift */; };
		493F6D762B5DA3A2007F717C /* AboutInfoView.swift in Sources */ = {isa = PBXBuildFile; fileRef = 493F6D752B5DA3A2007F717C /* AboutInfoView.swift */; };
		494B59402B5571B700C170F3 /* GutenbergReaderApp.swift in Sources */ = {isa = PBXBuildFile; fileRef = 494B593F2B5571B700C170F3 /* GutenbergReaderApp.swift */; };
		494B59442B5571B800C170F3 /* Assets.xcassets in Resources */ = {isa = PBXBuildFile; fileRef = 494B59432B5571B800C170F3 /* Assets.xcassets */; };
		494B59472B5571B800C170F3 /* Preview Assets.xcassets in Resources */ = {isa = PBXBuildFile; fileRef = 494B59462B5571B800C170F3 /* Preview Assets.xcassets */; };
		494B594F2B55728A00C170F3 /* ComposableArchitecture in Frameworks */ = {isa = PBXBuildFile; productRef = 494B594E2B55728A00C170F3 /* ComposableArchitecture */; };
		494B595B2B55749500C170F3 /* GutenbergReaderTests.swift in Sources */ = {isa = PBXBuildFile; fileRef = 494B595A2B55749500C170F3 /* GutenbergReaderTests.swift */; };
		494B59622B5576F100C170F3 /* BooksListFeatureTests.swift in Sources */ = {isa = PBXBuildFile; fileRef = 494B59612B5576F100C170F3 /* BooksListFeatureTests.swift */; };
		494B59642B55795400C170F3 /* BooksListFeature.swift in Sources */ = {isa = PBXBuildFile; fileRef = 494B59632B55795400C170F3 /* BooksListFeature.swift */; };
		494B59672B557A8800C170F3 /* BooksListClient.swift in Sources */ = {isa = PBXBuildFile; fileRef = 494B59662B557A8800C170F3 /* BooksListClient.swift */; };
		498060CE2B5A8FA000455CDF /* AppFeature.swift in Sources */ = {isa = PBXBuildFile; fileRef = 498060CD2B5A8FA000455CDF /* AppFeature.swift */; };
		498060D02B5A8FAC00455CDF /* AppFeatureView.swift in Sources */ = {isa = PBXBuildFile; fileRef = 498060CF2B5A8FAC00455CDF /* AppFeatureView.swift */; };
		498060D22B5A975200455CDF /* AppFeatureTests.swift in Sources */ = {isa = PBXBuildFile; fileRef = 498060D12B5A975200455CDF /* AppFeatureTests.swift */; };
		498B31312B61005000462F0C /* HomeFeature.swift in Sources */ = {isa = PBXBuildFile; fileRef = 498B31302B61005000462F0C /* HomeFeature.swift */; };
		498B31352B61028500462F0C /* HomeFeatureTests.swift in Sources */ = {isa = PBXBuildFile; fileRef = 498B31342B61028500462F0C /* HomeFeatureTests.swift */; };
		498B31372B61044600462F0C /* Path.swift in Sources */ = {isa = PBXBuildFile; fileRef = 498B31362B61044600462F0C /* Path.swift */; };
		498B31392B61082300462F0C /* HomeView.swift in Sources */ = {isa = PBXBuildFile; fileRef = 498B31382B61082300462F0C /* HomeView.swift */; };
		498B31422B61553B00462F0C /* DownloadedBookListClient.swift in Sources */ = {isa = PBXBuildFile; fileRef = 498B31412B61553B00462F0C /* DownloadedBookListClient.swift */; };
		49916D9A2B557E6C00DF5C0A /* Books.swift in Sources */ = {isa = PBXBuildFile; fileRef = 49916D992B557E6C00DF5C0A /* Books.swift */; };
		49916DA42B55C13E00DF5C0A /* BooksListView.swift in Sources */ = {isa = PBXBuildFile; fileRef = 49916DA32B55C13E00DF5C0A /* BooksListView.swift */; };
		4997592B2B64F2D1005EADC6 /* GutenbergReaderHomeTests.swift in Sources */ = {isa = PBXBuildFile; fileRef = 4997592A2B64F2D1005EADC6 /* GutenbergReaderHomeTests.swift */; };
		4997592F2B64F525005EADC6 /* SnapshotHelper.swift in Sources */ = {isa = PBXBuildFile; fileRef = 4997592E2B64F525005EADC6 /* SnapshotHelper.swift */; };
		499C68652B58098000FF4773 /* String+Extensions.swift in Sources */ = {isa = PBXBuildFile; fileRef = 499C68642B58098000FF4773 /* String+Extensions.swift */; };
		499CA0732B642A3000949D35 /* GutenbergReaderUITests.swift in Sources */ = {isa = PBXBuildFile; fileRef = 499CA0722B642A3000949D35 /* GutenbergReaderUITests.swift */; };
		499CA0752B642A3000949D35 /* GutenbergReaderUITestsLaunchTests.swift in Sources */ = {isa = PBXBuildFile; fileRef = 499CA0742B642A3000949D35 /* GutenbergReaderUITestsLaunchTests.swift */; };
		49A899A32B6293040065E0E9 /* Optional+Extensions.swift in Sources */ = {isa = PBXBuildFile; fileRef = 49A899A22B6293040065E0E9 /* Optional+Extensions.swift */; };
		49BC9E892B5B93E100AAAFD4 /* MockupData.swift in Sources */ = {isa = PBXBuildFile; fileRef = 49BC9E882B5B93E100AAAFD4 /* MockupData.swift */; };
		49C016252B56A7D700090C31 /* DownloadManager.swift in Sources */ = {isa = PBXBuildFile; fileRef = 49C016242B56A7D700090C31 /* DownloadManager.swift */; };
		49C016272B56A91700090C31 /* BookDetailClient.swift in Sources */ = {isa = PBXBuildFile; fileRef = 49C016262B56A91700090C31 /* BookDetailClient.swift */; };
		49C0162A2B56B76C00090C31 /* FileManager+Extensions.swift in Sources */ = {isa = PBXBuildFile; fileRef = 49C016292B56B76C00090C31 /* FileManager+Extensions.swift */; };
		49D4D8722B566252003BA161 /* BookDetailFeatureTests.swift in Sources */ = {isa = PBXBuildFile; fileRef = 49D4D8712B566252003BA161 /* BookDetailFeatureTests.swift */; };
		49D4D8742B566ACB003BA161 /* BookDetailFeature.swift in Sources */ = {isa = PBXBuildFile; fileRef = 49D4D8732B566ACB003BA161 /* BookDetailFeature.swift */; };
		49D4D8762B566B26003BA161 /* BookDetailView.swift in Sources */ = {isa = PBXBuildFile; fileRef = 49D4D8752B566B26003BA161 /* BookDetailView.swift */; };
		49D4D8792B566BE5003BA161 /* MockupBooks.swift in Sources */ = {isa = PBXBuildFile; fileRef = 49D4D8782B566BE5003BA161 /* MockupBooks.swift */; };
		49ED963E2B57137F0064736F /* AlertState+Extensions.swift in Sources */ = {isa = PBXBuildFile; fileRef = 49ED963D2B57137F0064736F /* AlertState+Extensions.swift */; };
		49ED96412B5721E10064736F /* BookReaderFeature.swift in Sources */ = {isa = PBXBuildFile; fileRef = 49ED96402B5721E10064736F /* BookReaderFeature.swift */; };
		49ED96432B5721EE0064736F /* BookReaderView.swift in Sources */ = {isa = PBXBuildFile; fileRef = 49ED96422B5721EE0064736F /* BookReaderView.swift */; };
		49ED96452B5722490064736F /* BookReaderFeatureTests.swift in Sources */ = {isa = PBXBuildFile; fileRef = 49ED96442B5722490064736F /* BookReaderFeatureTests.swift */; };
		49F10ADB2B596B4500B23CB1 /* BookmarkAppStorage.swift in Sources */ = {isa = PBXBuildFile; fileRef = 49F10ADA2B596B4500B23CB1 /* BookmarkAppStorage.swift */; };
		49F2DC472B624DC900EF2654 /* BookCardView.swift in Sources */ = {isa = PBXBuildFile; fileRef = 49F2DC462B624DC900EF2654 /* BookCardView.swift */; };
		49F2DC492B626CD100EF2654 /* Launch Screen.storyboard in Resources */ = {isa = PBXBuildFile; fileRef = 49F2DC482B626CD100EF2654 /* Launch Screen.storyboard */; };
		49F36C952B5C5CCD00A4A809 /* SearchFeatureTests.swift in Sources */ = {isa = PBXBuildFile; fileRef = 49F36C942B5C5CCD00A4A809 /* SearchFeatureTests.swift */; };
		49F36C982B5C614500A4A809 /* SearchFeature.swift in Sources */ = {isa = PBXBuildFile; fileRef = 49F36C972B5C614500A4A809 /* SearchFeature.swift */; };
		49F58C5B2B5CFEDD004BF7FC /* SearchFeatureView.swift in Sources */ = {isa = PBXBuildFile; fileRef = 49F58C5A2B5CFEDD004BF7FC /* SearchFeatureView.swift */; };
		49F58C5D2B5D0A36004BF7FC /* CormorantGaramond-Regular.ttf in Resources */ = {isa = PBXBuildFile; fileRef = 49F58C5C2B5D0A36004BF7FC /* CormorantGaramond-Regular.ttf */; };
		49F58C5F2B5D0B06004BF7FC /* CormorantGaramond-Bold.ttf in Resources */ = {isa = PBXBuildFile; fileRef = 49F58C5E2B5D0B06004BF7FC /* CormorantGaramond-Bold.ttf */; };
		49F58C612B5D1515004BF7FC /* SettingsFeatureTests.swift in Sources */ = {isa = PBXBuildFile; fileRef = 49F58C602B5D1515004BF7FC /* SettingsFeatureTests.swift */; };
		49F58C642B5D18E6004BF7FC /* SettingsFeature.swift in Sources */ = {isa = PBXBuildFile; fileRef = 49F58C632B5D18E6004BF7FC /* SettingsFeature.swift */; };
		49F58C662B5D1B90004BF7FC /* SettingsAppStorage.swift in Sources */ = {isa = PBXBuildFile; fileRef = 49F58C652B5D1B90004BF7FC /* SettingsAppStorage.swift */; };
		49F58C682B5D1BE7004BF7FC /* Settings.swift in Sources */ = {isa = PBXBuildFile; fileRef = 49F58C672B5D1BE7004BF7FC /* Settings.swift */; };
		4C6C72FBC6EBE2C9D8CE8064 /* Pods_GutenbergReader.framework in Frameworks */ = {isa = PBXBuildFile; fileRef = 7702AFBBA57B95A839F4F1F1 /* Pods_GutenbergReader.framework */; };
		766332127F1671888FC63EC0 /* Pods_GutenbergReaderUITests.framework in Frameworks */ = {isa = PBXBuildFile; fileRef = 79D381AB45EDFC5AC72312EB /* Pods_GutenbergReaderUITests.framework */; };
/* End PBXBuildFile section */

/* Begin PBXContainerItemProxy section */
		494B595C2B55749500C170F3 /* PBXContainerItemProxy */ = {
			isa = PBXContainerItemProxy;
			containerPortal = 494B59342B5571B700C170F3 /* Project object */;
			proxyType = 1;
			remoteGlobalIDString = 494B593B2B5571B700C170F3;
			remoteInfo = GutenbergReader;
		};
		499CA0762B642A3000949D35 /* PBXContainerItemProxy */ = {
			isa = PBXContainerItemProxy;
			containerPortal = 494B59342B5571B700C170F3 /* Project object */;
			proxyType = 1;
			remoteGlobalIDString = 494B593B2B5571B700C170F3;
			remoteInfo = GutenbergReader;
		};
/* End PBXContainerItemProxy section */

/* Begin PBXFileReference section */
		2632FD49AE7E3E880791F24D /* Pods-GutenbergReader.release.xcconfig */ = {isa = PBXFileReference; includeInIndex = 1; lastKnownFileType = text.xcconfig; name = "Pods-GutenbergReader.release.xcconfig"; path = "Target Support Files/Pods-GutenbergReader/Pods-GutenbergReader.release.xcconfig"; sourceTree = "<group>"; };
		279B5EF065F006E774DD5A9A /* Pods-GutenbergReaderTests.release.xcconfig */ = {isa = PBXFileReference; includeInIndex = 1; lastKnownFileType = text.xcconfig; name = "Pods-GutenbergReaderTests.release.xcconfig"; path = "Target Support Files/Pods-GutenbergReaderTests/Pods-GutenbergReaderTests.release.xcconfig"; sourceTree = "<group>"; };
		3787D02E3D740F8C4B2433D9 /* Pods-GutenbergReader.debug.xcconfig */ = {isa = PBXFileReference; includeInIndex = 1; lastKnownFileType = text.xcconfig; name = "Pods-GutenbergReader.debug.xcconfig"; path = "Target Support Files/Pods-GutenbergReader/Pods-GutenbergReader.debug.xcconfig"; sourceTree = "<group>"; };
		3ED0E35B3A1798B7F627641B /* Pods-GutenbergReader-GutenbergReaderUITests.debug.xcconfig */ = {isa = PBXFileReference; includeInIndex = 1; lastKnownFileType = text.xcconfig; name = "Pods-GutenbergReader-GutenbergReaderUITests.debug.xcconfig"; path = "Target Support Files/Pods-GutenbergReader-GutenbergReaderUITests/Pods-GutenbergReader-GutenbergReaderUITests.debug.xcconfig"; sourceTree = "<group>"; };
		49071ADE2B57E30900CA3F35 /* WebView.swift */ = {isa = PBXFileReference; lastKnownFileType = sourcecode.swift; path = WebView.swift; sourceTree = "<group>"; };
		493F6D722B5D7E94007F717C /* SettingsFeatureView.swift */ = {isa = PBXFileReference; lastKnownFileType = sourcecode.swift; path = SettingsFeatureView.swift; sourceTree = "<group>"; };
		493F6D752B5DA3A2007F717C /* AboutInfoView.swift */ = {isa = PBXFileReference; lastKnownFileType = sourcecode.swift; path = AboutInfoView.swift; sourceTree = "<group>"; };
		494B593C2B5571B700C170F3 /* GutenbergReader.app */ = {isa = PBXFileReference; explicitFileType = wrapper.application; includeInIndex = 0; path = GutenbergReader.app; sourceTree = BUILT_PRODUCTS_DIR; };
		494B593F2B5571B700C170F3 /* GutenbergReaderApp.swift */ = {isa = PBXFileReference; lastKnownFileType = sourcecode.swift; path = GutenbergReaderApp.swift; sourceTree = "<group>"; };
		494B59432B5571B800C170F3 /* Assets.xcassets */ = {isa = PBXFileReference; lastKnownFileType = folder.assetcatalog; path = Assets.xcassets; sourceTree = "<group>"; };
		494B59462B5571B800C170F3 /* Preview Assets.xcassets */ = {isa = PBXFileReference; lastKnownFileType = folder.assetcatalog; path = "Preview Assets.xcassets"; sourceTree = "<group>"; };
		494B59582B55749500C170F3 /* GutenbergReaderTests.xctest */ = {isa = PBXFileReference; explicitFileType = wrapper.cfbundle; includeInIndex = 0; path = GutenbergReaderTests.xctest; sourceTree = BUILT_PRODUCTS_DIR; };
		494B595A2B55749500C170F3 /* GutenbergReaderTests.swift */ = {isa = PBXFileReference; lastKnownFileType = sourcecode.swift; path = GutenbergReaderTests.swift; sourceTree = "<group>"; };
		494B59612B5576F100C170F3 /* BooksListFeatureTests.swift */ = {isa = PBXFileReference; lastKnownFileType = sourcecode.swift; path = BooksListFeatureTests.swift; sourceTree = "<group>"; };
		494B59632B55795400C170F3 /* BooksListFeature.swift */ = {isa = PBXFileReference; lastKnownFileType = sourcecode.swift; path = BooksListFeature.swift; sourceTree = "<group>"; };
		494B59662B557A8800C170F3 /* BooksListClient.swift */ = {isa = PBXFileReference; lastKnownFileType = sourcecode.swift; path = BooksListClient.swift; sourceTree = "<group>"; };
		4968EDAE2B56F95300FBD3D3 /* Info.plist */ = {isa = PBXFileReference; lastKnownFileType = text.plist; path = Info.plist; sourceTree = "<group>"; };
		4968EDAF2B56FA2B00FBD3D3 /* Info.plist */ = {isa = PBXFileReference; lastKnownFileType = text.plist; path = Info.plist; sourceTree = "<group>"; };
		498060CD2B5A8FA000455CDF /* AppFeature.swift */ = {isa = PBXFileReference; lastKnownFileType = sourcecode.swift; path = AppFeature.swift; sourceTree = "<group>"; };
		498060CF2B5A8FAC00455CDF /* AppFeatureView.swift */ = {isa = PBXFileReference; lastKnownFileType = sourcecode.swift; path = AppFeatureView.swift; sourceTree = "<group>"; };
		498060D12B5A975200455CDF /* AppFeatureTests.swift */ = {isa = PBXFileReference; lastKnownFileType = sourcecode.swift; path = AppFeatureTests.swift; sourceTree = "<group>"; };
		498B31302B61005000462F0C /* HomeFeature.swift */ = {isa = PBXFileReference; lastKnownFileType = sourcecode.swift; path = HomeFeature.swift; sourceTree = "<group>"; };
		498B31342B61028500462F0C /* HomeFeatureTests.swift */ = {isa = PBXFileReference; lastKnownFileType = sourcecode.swift; path = HomeFeatureTests.swift; sourceTree = "<group>"; };
		498B31362B61044600462F0C /* Path.swift */ = {isa = PBXFileReference; lastKnownFileType = sourcecode.swift; path = Path.swift; sourceTree = "<group>"; };
		498B31382B61082300462F0C /* HomeView.swift */ = {isa = PBXFileReference; lastKnownFileType = sourcecode.swift; path = HomeView.swift; sourceTree = "<group>"; };
		498B31412B61553B00462F0C /* DownloadedBookListClient.swift */ = {isa = PBXFileReference; lastKnownFileType = sourcecode.swift; path = DownloadedBookListClient.swift; sourceTree = "<group>"; };
		49916D992B557E6C00DF5C0A /* Books.swift */ = {isa = PBXFileReference; lastKnownFileType = sourcecode.swift; path = Books.swift; sourceTree = "<group>"; };
		49916DA32B55C13E00DF5C0A /* BooksListView.swift */ = {isa = PBXFileReference; lastKnownFileType = sourcecode.swift; path = BooksListView.swift; sourceTree = "<group>"; };
		4997592A2B64F2D1005EADC6 /* GutenbergReaderHomeTests.swift */ = {isa = PBXFileReference; lastKnownFileType = sourcecode.swift; path = GutenbergReaderHomeTests.swift; sourceTree = "<group>"; };
		4997592E2B64F525005EADC6 /* SnapshotHelper.swift */ = {isa = PBXFileReference; fileEncoding = 4; lastKnownFileType = sourcecode.swift; name = SnapshotHelper.swift; path = fastlane/SnapshotHelper.swift; sourceTree = SOURCE_ROOT; };
		499C68642B58098000FF4773 /* String+Extensions.swift */ = {isa = PBXFileReference; lastKnownFileType = sourcecode.swift; path = "String+Extensions.swift"; sourceTree = "<group>"; };
		499CA0702B642A3000949D35 /* GutenbergReaderUITests.xctest */ = {isa = PBXFileReference; explicitFileType = wrapper.cfbundle; includeInIndex = 0; path = GutenbergReaderUITests.xctest; sourceTree = BUILT_PRODUCTS_DIR; };
		499CA0722B642A3000949D35 /* GutenbergReaderUITests.swift */ = {isa = PBXFileReference; lastKnownFileType = sourcecode.swift; path = GutenbergReaderUITests.swift; sourceTree = "<group>"; };
		499CA0742B642A3000949D35 /* GutenbergReaderUITestsLaunchTests.swift */ = {isa = PBXFileReference; lastKnownFileType = sourcecode.swift; path = GutenbergReaderUITestsLaunchTests.swift; sourceTree = "<group>"; };
		49A899A22B6293040065E0E9 /* Optional+Extensions.swift */ = {isa = PBXFileReference; lastKnownFileType = sourcecode.swift; path = "Optional+Extensions.swift"; sourceTree = "<group>"; };
		49BC9E882B5B93E100AAAFD4 /* MockupData.swift */ = {isa = PBXFileReference; lastKnownFileType = sourcecode.swift; path = MockupData.swift; sourceTree = "<group>"; };
		49C016242B56A7D700090C31 /* DownloadManager.swift */ = {isa = PBXFileReference; lastKnownFileType = sourcecode.swift; path = DownloadManager.swift; sourceTree = "<group>"; };
		49C016262B56A91700090C31 /* BookDetailClient.swift */ = {isa = PBXFileReference; lastKnownFileType = sourcecode.swift; path = BookDetailClient.swift; sourceTree = "<group>"; };
		49C016292B56B76C00090C31 /* FileManager+Extensions.swift */ = {isa = PBXFileReference; lastKnownFileType = sourcecode.swift; path = "FileManager+Extensions.swift"; sourceTree = "<group>"; };
		49D4D8712B566252003BA161 /* BookDetailFeatureTests.swift */ = {isa = PBXFileReference; lastKnownFileType = sourcecode.swift; path = BookDetailFeatureTests.swift; sourceTree = "<group>"; };
		49D4D8732B566ACB003BA161 /* BookDetailFeature.swift */ = {isa = PBXFileReference; lastKnownFileType = sourcecode.swift; path = BookDetailFeature.swift; sourceTree = "<group>"; };
		49D4D8752B566B26003BA161 /* BookDetailView.swift */ = {isa = PBXFileReference; lastKnownFileType = sourcecode.swift; path = BookDetailView.swift; sourceTree = "<group>"; };
		49D4D8782B566BE5003BA161 /* MockupBooks.swift */ = {isa = PBXFileReference; lastKnownFileType = sourcecode.swift; path = MockupBooks.swift; sourceTree = "<group>"; };
		49ED963D2B57137F0064736F /* AlertState+Extensions.swift */ = {isa = PBXFileReference; lastKnownFileType = sourcecode.swift; path = "AlertState+Extensions.swift"; sourceTree = "<group>"; };
		49ED96402B5721E10064736F /* BookReaderFeature.swift */ = {isa = PBXFileReference; lastKnownFileType = sourcecode.swift; path = BookReaderFeature.swift; sourceTree = "<group>"; };
		49ED96422B5721EE0064736F /* BookReaderView.swift */ = {isa = PBXFileReference; lastKnownFileType = sourcecode.swift; path = BookReaderView.swift; sourceTree = "<group>"; };
		49ED96442B5722490064736F /* BookReaderFeatureTests.swift */ = {isa = PBXFileReference; lastKnownFileType = sourcecode.swift; path = BookReaderFeatureTests.swift; sourceTree = "<group>"; };
		49F10ADA2B596B4500B23CB1 /* BookmarkAppStorage.swift */ = {isa = PBXFileReference; lastKnownFileType = sourcecode.swift; path = BookmarkAppStorage.swift; sourceTree = "<group>"; };
		49F2DC462B624DC900EF2654 /* BookCardView.swift */ = {isa = PBXFileReference; lastKnownFileType = sourcecode.swift; path = BookCardView.swift; sourceTree = "<group>"; };
		49F2DC482B626CD100EF2654 /* Launch Screen.storyboard */ = {isa = PBXFileReference; lastKnownFileType = file.storyboard; path = "Launch Screen.storyboard"; sourceTree = "<group>"; };
		49F36C942B5C5CCD00A4A809 /* SearchFeatureTests.swift */ = {isa = PBXFileReference; lastKnownFileType = sourcecode.swift; path = SearchFeatureTests.swift; sourceTree = "<group>"; };
		49F36C972B5C614500A4A809 /* SearchFeature.swift */ = {isa = PBXFileReference; lastKnownFileType = sourcecode.swift; path = SearchFeature.swift; sourceTree = "<group>"; };
		49F58C5A2B5CFEDD004BF7FC /* SearchFeatureView.swift */ = {isa = PBXFileReference; lastKnownFileType = sourcecode.swift; path = SearchFeatureView.swift; sourceTree = "<group>"; };
		49F58C5C2B5D0A36004BF7FC /* CormorantGaramond-Regular.ttf */ = {isa = PBXFileReference; lastKnownFileType = file; path = "CormorantGaramond-Regular.ttf"; sourceTree = "<group>"; };
		49F58C5E2B5D0B06004BF7FC /* CormorantGaramond-Bold.ttf */ = {isa = PBXFileReference; lastKnownFileType = file; path = "CormorantGaramond-Bold.ttf"; sourceTree = "<group>"; };
		49F58C602B5D1515004BF7FC /* SettingsFeatureTests.swift */ = {isa = PBXFileReference; lastKnownFileType = sourcecode.swift; path = SettingsFeatureTests.swift; sourceTree = "<group>"; };
		49F58C632B5D18E6004BF7FC /* SettingsFeature.swift */ = {isa = PBXFileReference; lastKnownFileType = sourcecode.swift; path = SettingsFeature.swift; sourceTree = "<group>"; };
		49F58C652B5D1B90004BF7FC /* SettingsAppStorage.swift */ = {isa = PBXFileReference; lastKnownFileType = sourcecode.swift; path = SettingsAppStorage.swift; sourceTree = "<group>"; };
		49F58C672B5D1BE7004BF7FC /* Settings.swift */ = {isa = PBXFileReference; lastKnownFileType = sourcecode.swift; path = Settings.swift; sourceTree = "<group>"; };
		529AAE3BF9F1843788518B10 /* Pods_GutenbergReaderTests.framework */ = {isa = PBXFileReference; explicitFileType = wrapper.framework; includeInIndex = 0; path = Pods_GutenbergReaderTests.framework; sourceTree = BUILT_PRODUCTS_DIR; };
		636BCD85876507BD3C80807C /* Pods-GutenbergReaderUITests.release.xcconfig */ = {isa = PBXFileReference; includeInIndex = 1; lastKnownFileType = text.xcconfig; name = "Pods-GutenbergReaderUITests.release.xcconfig"; path = "Target Support Files/Pods-GutenbergReaderUITests/Pods-GutenbergReaderUITests.release.xcconfig"; sourceTree = "<group>"; };
		71B1BC481FC7FDDE401294B8 /* Pods-GutenbergReaderTests.debug.xcconfig */ = {isa = PBXFileReference; includeInIndex = 1; lastKnownFileType = text.xcconfig; name = "Pods-GutenbergReaderTests.debug.xcconfig"; path = "Target Support Files/Pods-GutenbergReaderTests/Pods-GutenbergReaderTests.debug.xcconfig"; sourceTree = "<group>"; };
		752C114D01EA29CA86D26E72 /* Pods-GutenbergReaderUITests.debug.xcconfig */ = {isa = PBXFileReference; includeInIndex = 1; lastKnownFileType = text.xcconfig; name = "Pods-GutenbergReaderUITests.debug.xcconfig"; path = "Target Support Files/Pods-GutenbergReaderUITests/Pods-GutenbergReaderUITests.debug.xcconfig"; sourceTree = "<group>"; };
		7702AFBBA57B95A839F4F1F1 /* Pods_GutenbergReader.framework */ = {isa = PBXFileReference; explicitFileType = wrapper.framework; includeInIndex = 0; path = Pods_GutenbergReader.framework; sourceTree = BUILT_PRODUCTS_DIR; };
		79D381AB45EDFC5AC72312EB /* Pods_GutenbergReaderUITests.framework */ = {isa = PBXFileReference; explicitFileType = wrapper.framework; includeInIndex = 0; path = Pods_GutenbergReaderUITests.framework; sourceTree = BUILT_PRODUCTS_DIR; };
		9DA762D37015BBC052B038B2 /* Pods-GutenbergReader-GutenbergReaderUITests.release.xcconfig */ = {isa = PBXFileReference; includeInIndex = 1; lastKnownFileType = text.xcconfig; name = "Pods-GutenbergReader-GutenbergReaderUITests.release.xcconfig"; path = "Target Support Files/Pods-GutenbergReader-GutenbergReaderUITests/Pods-GutenbergReader-GutenbergReaderUITests.release.xcconfig"; sourceTree = "<group>"; };
/* End PBXFileReference section */

/* Begin PBXFrameworksBuildPhase section */
		494B59392B5571B700C170F3 /* Frameworks */ = {
			isa = PBXFrameworksBuildPhase;
			buildActionMask = 2147483647;
			files = (
				494B594F2B55728A00C170F3 /* ComposableArchitecture in Frameworks */,
				4C6C72FBC6EBE2C9D8CE8064 /* Pods_GutenbergReader.framework in Frameworks */,
			);
			runOnlyForDeploymentPostprocessing = 0;
		};
		494B59552B55749500C170F3 /* Frameworks */ = {
			isa = PBXFrameworksBuildPhase;
			buildActionMask = 2147483647;
			files = (
				1966AF516F6FED1AE0521846 /* Pods_GutenbergReaderTests.framework in Frameworks */,
			);
			runOnlyForDeploymentPostprocessing = 0;
		};
		499CA06D2B642A3000949D35 /* Frameworks */ = {
			isa = PBXFrameworksBuildPhase;
			buildActionMask = 2147483647;
			files = (
				766332127F1671888FC63EC0 /* Pods_GutenbergReaderUITests.framework in Frameworks */,
			);
			runOnlyForDeploymentPostprocessing = 0;
		};
/* End PBXFrameworksBuildPhase section */

/* Begin PBXGroup section */
		49071ADD2B57E2FB00CA3F35 /* Views */ = {
			isa = PBXGroup;
			children = (
				49071ADE2B57E30900CA3F35 /* WebView.swift */,
				493F6D752B5DA3A2007F717C /* AboutInfoView.swift */,
				49F2DC462B624DC900EF2654 /* BookCardView.swift */,
				49F2DC482B626CD100EF2654 /* Launch Screen.storyboard */,
			);
			path = Views;
			sourceTree = "<group>";
		};
		494B59332B5571B700C170F3 = {
			isa = PBXGroup;
			children = (
				494B593E2B5571B700C170F3 /* GutenbergReader */,
				494B59592B55749500C170F3 /* GutenbergReaderTests */,
				499CA0712B642A3000949D35 /* GutenbergReaderUITests */,
				494B593D2B5571B700C170F3 /* Products */,
				7DCE94F3C3C036C139CE3202 /* Pods */,
				9179853D687254AF56268E24 /* Frameworks */,
			);
			sourceTree = "<group>";
		};
		494B593D2B5571B700C170F3 /* Products */ = {
			isa = PBXGroup;
			children = (
				494B593C2B5571B700C170F3 /* GutenbergReader.app */,
				494B59582B55749500C170F3 /* GutenbergReaderTests.xctest */,
				499CA0702B642A3000949D35 /* GutenbergReaderUITests.xctest */,
			);
			name = Products;
			sourceTree = "<group>";
		};
		494B593E2B5571B700C170F3 /* GutenbergReader */ = {
			isa = PBXGroup;
			children = (
				49F58C5E2B5D0B06004BF7FC /* CormorantGaramond-Bold.ttf */,
				49F58C5C2B5D0A36004BF7FC /* CormorantGaramond-Regular.ttf */,
				4968EDAF2B56FA2B00FBD3D3 /* Info.plist */,
				49C016282B56B65900090C31 /* Extensions */,
				49C016232B56A7CD00090C31 /* Utils */,
				49071ADD2B57E2FB00CA3F35 /* Views */,
				49916DA22B55C13100DF5C0A /* Features */,
				49916D9B2B557E7200DF5C0A /* Model */,
				494B59652B557A7500C170F3 /* Environment */,
				494B593F2B5571B700C170F3 /* GutenbergReaderApp.swift */,
				494B59432B5571B800C170F3 /* Assets.xcassets */,
				494B59452B5571B800C170F3 /* Preview Content */,
			);
			path = GutenbergReader;
			sourceTree = "<group>";
		};
		494B59452B5571B800C170F3 /* Preview Content */ = {
			isa = PBXGroup;
			children = (
				494B59462B5571B800C170F3 /* Preview Assets.xcassets */,
			);
			path = "Preview Content";
			sourceTree = "<group>";
		};
		494B59592B55749500C170F3 /* GutenbergReaderTests */ = {
			isa = PBXGroup;
			children = (
				4968EDAE2B56F95300FBD3D3 /* Info.plist */,
				494B595A2B55749500C170F3 /* GutenbergReaderTests.swift */,
				494B59612B5576F100C170F3 /* BooksListFeatureTests.swift */,
				49D4D8712B566252003BA161 /* BookDetailFeatureTests.swift */,
				49ED96442B5722490064736F /* BookReaderFeatureTests.swift */,
				498060D12B5A975200455CDF /* AppFeatureTests.swift */,
				49BC9E882B5B93E100AAAFD4 /* MockupData.swift */,
				49F36C942B5C5CCD00A4A809 /* SearchFeatureTests.swift */,
				49F58C602B5D1515004BF7FC /* SettingsFeatureTests.swift */,
				498B31342B61028500462F0C /* HomeFeatureTests.swift */,
			);
			path = GutenbergReaderTests;
			sourceTree = "<group>";
		};
		494B59652B557A7500C170F3 /* Environment */ = {
			isa = PBXGroup;
			children = (
				494B59662B557A8800C170F3 /* BooksListClient.swift */,
				49C016262B56A91700090C31 /* BookDetailClient.swift */,
				49F10ADA2B596B4500B23CB1 /* BookmarkAppStorage.swift */,
				49F58C652B5D1B90004BF7FC /* SettingsAppStorage.swift */,
				498B31412B61553B00462F0C /* DownloadedBookListClient.swift */,
			);
			path = Environment;
			sourceTree = "<group>";
		};
		498060CC2B5A8F9600455CDF /* App */ = {
			isa = PBXGroup;
			children = (
				498060CD2B5A8FA000455CDF /* AppFeature.swift */,
				498060CF2B5A8FAC00455CDF /* AppFeatureView.swift */,
			);
			path = App;
			sourceTree = "<group>";
		};
		498B312F2B61004700462F0C /* HomeTab */ = {
			isa = PBXGroup;
			children = (
				498B31302B61005000462F0C /* HomeFeature.swift */,
				498B31382B61082300462F0C /* HomeView.swift */,
			);
			path = HomeTab;
			sourceTree = "<group>";
		};
		49916D9B2B557E7200DF5C0A /* Model */ = {
			isa = PBXGroup;
			children = (
				49D4D8772B566BD8003BA161 /* Mockups */,
				49916D992B557E6C00DF5C0A /* Books.swift */,
				49F58C672B5D1BE7004BF7FC /* Settings.swift */,
			);
			path = Model;
			sourceTree = "<group>";
		};
		49916DA22B55C13100DF5C0A /* Features */ = {
			isa = PBXGroup;
			children = (
				498B31362B61044600462F0C /* Path.swift */,
				498B312F2B61004700462F0C /* HomeTab */,
				498060CC2B5A8F9600455CDF /* App */,
				49ED963F2B5721CA0064736F /* BookReader */,
				49BC78152B569A800035D7EF /* BookDetail */,
				49BC78142B569A790035D7EF /* BookList */,
				49F58C622B5D18D7004BF7FC /* Settings */,
				49F36C962B5C612700A4A809 /* SearchList */,
			);
			path = Features;
			sourceTree = "<group>";
		};
		499CA0712B642A3000949D35 /* GutenbergReaderUITests */ = {
			isa = PBXGroup;
			children = (
				4997592E2B64F525005EADC6 /* SnapshotHelper.swift */,
				499CA0722B642A3000949D35 /* GutenbergReaderUITests.swift */,
				499CA0742B642A3000949D35 /* GutenbergReaderUITestsLaunchTests.swift */,
				4997592A2B64F2D1005EADC6 /* GutenbergReaderHomeTests.swift */,
			);
			path = GutenbergReaderUITests;
			sourceTree = "<group>";
		};
		49BC78142B569A790035D7EF /* BookList */ = {
			isa = PBXGroup;
			children = (
				494B59632B55795400C170F3 /* BooksListFeature.swift */,
				49916DA32B55C13E00DF5C0A /* BooksListView.swift */,
			);
			path = BookList;
			sourceTree = "<group>";
		};
		49BC78152B569A800035D7EF /* BookDetail */ = {
			isa = PBXGroup;
			children = (
				49D4D8732B566ACB003BA161 /* BookDetailFeature.swift */,
				49D4D8752B566B26003BA161 /* BookDetailView.swift */,
			);
			path = BookDetail;
			sourceTree = "<group>";
		};
		49C016232B56A7CD00090C31 /* Utils */ = {
			isa = PBXGroup;
			children = (
				49C016242B56A7D700090C31 /* DownloadManager.swift */,
			);
			path = Utils;
			sourceTree = "<group>";
		};
		49C016282B56B65900090C31 /* Extensions */ = {
			isa = PBXGroup;
			children = (
				49C016292B56B76C00090C31 /* FileManager+Extensions.swift */,
				49ED963D2B57137F0064736F /* AlertState+Extensions.swift */,
				499C68642B58098000FF4773 /* String+Extensions.swift */,
				49A899A22B6293040065E0E9 /* Optional+Extensions.swift */,
			);
			path = Extensions;
			sourceTree = "<group>";
		};
		49D4D8772B566BD8003BA161 /* Mockups */ = {
			isa = PBXGroup;
			children = (
				49D4D8782B566BE5003BA161 /* MockupBooks.swift */,
			);
			path = Mockups;
			sourceTree = "<group>";
		};
		49ED963F2B5721CA0064736F /* BookReader */ = {
			isa = PBXGroup;
			children = (
				49ED96402B5721E10064736F /* BookReaderFeature.swift */,
				49ED96422B5721EE0064736F /* BookReaderView.swift */,
			);
			path = BookReader;
			sourceTree = "<group>";
		};
		49F36C962B5C612700A4A809 /* SearchList */ = {
			isa = PBXGroup;
			children = (
				49F36C972B5C614500A4A809 /* SearchFeature.swift */,
				49F58C5A2B5CFEDD004BF7FC /* SearchFeatureView.swift */,
			);
			path = SearchList;
			sourceTree = "<group>";
		};
		49F58C622B5D18D7004BF7FC /* Settings */ = {
			isa = PBXGroup;
			children = (
				49F58C632B5D18E6004BF7FC /* SettingsFeature.swift */,
				493F6D722B5D7E94007F717C /* SettingsFeatureView.swift */,
			);
			path = Settings;
			sourceTree = "<group>";
		};
		7DCE94F3C3C036C139CE3202 /* Pods */ = {
			isa = PBXGroup;
			children = (
				3787D02E3D740F8C4B2433D9 /* Pods-GutenbergReader.debug.xcconfig */,
				2632FD49AE7E3E880791F24D /* Pods-GutenbergReader.release.xcconfig */,
				3ED0E35B3A1798B7F627641B /* Pods-GutenbergReader-GutenbergReaderUITests.debug.xcconfig */,
				9DA762D37015BBC052B038B2 /* Pods-GutenbergReader-GutenbergReaderUITests.release.xcconfig */,
				71B1BC481FC7FDDE401294B8 /* Pods-GutenbergReaderTests.debug.xcconfig */,
				279B5EF065F006E774DD5A9A /* Pods-GutenbergReaderTests.release.xcconfig */,
				752C114D01EA29CA86D26E72 /* Pods-GutenbergReaderUITests.debug.xcconfig */,
				636BCD85876507BD3C80807C /* Pods-GutenbergReaderUITests.release.xcconfig */,
			);
			path = Pods;
			sourceTree = "<group>";
		};
		9179853D687254AF56268E24 /* Frameworks */ = {
			isa = PBXGroup;
			children = (
				7702AFBBA57B95A839F4F1F1 /* Pods_GutenbergReader.framework */,
				529AAE3BF9F1843788518B10 /* Pods_GutenbergReaderTests.framework */,
				79D381AB45EDFC5AC72312EB /* Pods_GutenbergReaderUITests.framework */,
			);
			name = Frameworks;
			sourceTree = "<group>";
		};
/* End PBXGroup section */

/* Begin PBXNativeTarget section */
		494B593B2B5571B700C170F3 /* GutenbergReader */ = {
			isa = PBXNativeTarget;
			buildConfigurationList = 494B594A2B5571B800C170F3 /* Build configuration list for PBXNativeTarget "GutenbergReader" */;
			buildPhases = (
				7A6625E917A27BE377E35A28 /* [CP] Check Pods Manifest.lock */,
				494B59382B5571B700C170F3 /* Sources */,
				494B59392B5571B700C170F3 /* Frameworks */,
				494B593A2B5571B700C170F3 /* Resources */,
				43A20BD940922C7EB70BB8D9 /* [CP] Embed Pods Frameworks */,
			);
			buildRules = (
			);
			dependencies = (
			);
			name = GutenbergReader;
			packageProductDependencies = (
				494B594E2B55728A00C170F3 /* ComposableArchitecture */,
			);
			productName = GutenbergReader;
			productReference = 494B593C2B5571B700C170F3 /* GutenbergReader.app */;
			productType = "com.apple.product-type.application";
		};
		494B59572B55749500C170F3 /* GutenbergReaderTests */ = {
			isa = PBXNativeTarget;
			buildConfigurationList = 494B595E2B55749500C170F3 /* Build configuration list for PBXNativeTarget "GutenbergReaderTests" */;
			buildPhases = (
				D1509651A5A5E633A09BF529 /* [CP] Check Pods Manifest.lock */,
				494B59542B55749500C170F3 /* Sources */,
				494B59552B55749500C170F3 /* Frameworks */,
				494B59562B55749500C170F3 /* Resources */,
				EB07834E270373A96B3AF194 /* [CP] Embed Pods Frameworks */,
			);
			buildRules = (
			);
			dependencies = (
				494B595D2B55749500C170F3 /* PBXTargetDependency */,
			);
			name = GutenbergReaderTests;
			productName = GutenbergReaderTests;
			productReference = 494B59582B55749500C170F3 /* GutenbergReaderTests.xctest */;
			productType = "com.apple.product-type.bundle.unit-test";
		};
		499CA06F2B642A3000949D35 /* GutenbergReaderUITests */ = {
			isa = PBXNativeTarget;
			buildConfigurationList = 499CA07A2B642A3000949D35 /* Build configuration list for PBXNativeTarget "GutenbergReaderUITests" */;
			buildPhases = (
				702BEA6FC01FFEF2C319421C /* [CP] Check Pods Manifest.lock */,
				499CA06C2B642A3000949D35 /* Sources */,
				499CA06D2B642A3000949D35 /* Frameworks */,
				499CA06E2B642A3000949D35 /* Resources */,
				77BDB0771511EB5DC200F9EC /* [CP] Embed Pods Frameworks */,
			);
			buildRules = (
			);
			dependencies = (
				499CA0772B642A3000949D35 /* PBXTargetDependency */,
			);
			name = GutenbergReaderUITests;
			productName = GutenbergReaderUITests;
			productReference = 499CA0702B642A3000949D35 /* GutenbergReaderUITests.xctest */;
			productType = "com.apple.product-type.bundle.ui-testing";
		};
/* End PBXNativeTarget section */

/* Begin PBXProject section */
		494B59342B5571B700C170F3 /* Project object */ = {
			isa = PBXProject;
			attributes = {
				BuildIndependentTargetsInParallel = 1;
				LastSwiftUpdateCheck = 1520;
				LastUpgradeCheck = 1520;
				TargetAttributes = {
					494B593B2B5571B700C170F3 = {
						CreatedOnToolsVersion = 15.2;
					};
					494B59572B55749500C170F3 = {
						CreatedOnToolsVersion = 15.2;
						TestTargetID = 494B593B2B5571B700C170F3;
					};
					499CA06F2B642A3000949D35 = {
						CreatedOnToolsVersion = 15.2;
						TestTargetID = 494B593B2B5571B700C170F3;
					};
				};
			};
			buildConfigurationList = 494B59372B5571B700C170F3 /* Build configuration list for PBXProject "GutenbergReader" */;
			compatibilityVersion = "Xcode 14.0";
			developmentRegion = en;
			hasScannedForEncodings = 0;
			knownRegions = (
				en,
				Base,
			);
			mainGroup = 494B59332B5571B700C170F3;
			packageReferences = (
				494B594D2B55728900C170F3 /* XCRemoteSwiftPackageReference "swift-composable-architecture" */,
			);
			productRefGroup = 494B593D2B5571B700C170F3 /* Products */;
			projectDirPath = "";
			projectRoot = "";
			targets = (
				494B593B2B5571B700C170F3 /* GutenbergReader */,
				494B59572B55749500C170F3 /* GutenbergReaderTests */,
				499CA06F2B642A3000949D35 /* GutenbergReaderUITests */,
			);
		};
/* End PBXProject section */

/* Begin PBXResourcesBuildPhase section */
		494B593A2B5571B700C170F3 /* Resources */ = {
			isa = PBXResourcesBuildPhase;
			buildActionMask = 2147483647;
			files = (
				494B59472B5571B800C170F3 /* Preview Assets.xcassets in Resources */,
				49F58C5D2B5D0A36004BF7FC /* CormorantGaramond-Regular.ttf in Resources */,
				49F58C5F2B5D0B06004BF7FC /* CormorantGaramond-Bold.ttf in Resources */,
				49F2DC492B626CD100EF2654 /* Launch Screen.storyboard in Resources */,
				494B59442B5571B800C170F3 /* Assets.xcassets in Resources */,
			);
			runOnlyForDeploymentPostprocessing = 0;
		};
		494B59562B55749500C170F3 /* Resources */ = {
			isa = PBXResourcesBuildPhase;
			buildActionMask = 2147483647;
			files = (
			);
			runOnlyForDeploymentPostprocessing = 0;
		};
		499CA06E2B642A3000949D35 /* Resources */ = {
			isa = PBXResourcesBuildPhase;
			buildActionMask = 2147483647;
			files = (
			);
			runOnlyForDeploymentPostprocessing = 0;
		};
/* End PBXResourcesBuildPhase section */

/* Begin PBXShellScriptBuildPhase section */
		43A20BD940922C7EB70BB8D9 /* [CP] Embed Pods Frameworks */ = {
			isa = PBXShellScriptBuildPhase;
			buildActionMask = 2147483647;
			files = (
			);
			inputFileListPaths = (
				"${PODS_ROOT}/Target Support Files/Pods-GutenbergReader/Pods-GutenbergReader-frameworks-${CONFIGURATION}-input-files.xcfilelist",
			);
			name = "[CP] Embed Pods Frameworks";
			outputFileListPaths = (
				"${PODS_ROOT}/Target Support Files/Pods-GutenbergReader/Pods-GutenbergReader-frameworks-${CONFIGURATION}-output-files.xcfilelist",
			);
			runOnlyForDeploymentPostprocessing = 0;
			shellPath = /bin/sh;
			shellScript = "\"${PODS_ROOT}/Target Support Files/Pods-GutenbergReader/Pods-GutenbergReader-frameworks.sh\"\n";
			showEnvVarsInLog = 0;
		};
		702BEA6FC01FFEF2C319421C /* [CP] Check Pods Manifest.lock */ = {
			isa = PBXShellScriptBuildPhase;
			buildActionMask = 2147483647;
			files = (
			);
			inputFileListPaths = (
			);
			inputPaths = (
				"${PODS_PODFILE_DIR_PATH}/Podfile.lock",
				"${PODS_ROOT}/Manifest.lock",
			);
			name = "[CP] Check Pods Manifest.lock";
			outputFileListPaths = (
			);
			outputPaths = (
				"$(DERIVED_FILE_DIR)/Pods-GutenbergReaderUITests-checkManifestLockResult.txt",
			);
			runOnlyForDeploymentPostprocessing = 0;
			shellPath = /bin/sh;
			shellScript = "diff \"${PODS_PODFILE_DIR_PATH}/Podfile.lock\" \"${PODS_ROOT}/Manifest.lock\" > /dev/null\nif [ $? != 0 ] ; then\n    # print error to STDERR\n    echo \"error: The sandbox is not in sync with the Podfile.lock. Run 'pod install' or update your CocoaPods installation.\" >&2\n    exit 1\nfi\n# This output is used by Xcode 'outputs' to avoid re-running this script phase.\necho \"SUCCESS\" > \"${SCRIPT_OUTPUT_FILE_0}\"\n";
			showEnvVarsInLog = 0;
		};
		77BDB0771511EB5DC200F9EC /* [CP] Embed Pods Frameworks */ = {
			isa = PBXShellScriptBuildPhase;
			buildActionMask = 2147483647;
			files = (
			);
			inputFileListPaths = (
				"${PODS_ROOT}/Target Support Files/Pods-GutenbergReaderUITests/Pods-GutenbergReaderUITests-frameworks-${CONFIGURATION}-input-files.xcfilelist",
			);
			name = "[CP] Embed Pods Frameworks";
			outputFileListPaths = (
				"${PODS_ROOT}/Target Support Files/Pods-GutenbergReaderUITests/Pods-GutenbergReaderUITests-frameworks-${CONFIGURATION}-output-files.xcfilelist",
			);
			runOnlyForDeploymentPostprocessing = 0;
			shellPath = /bin/sh;
			shellScript = "\"${PODS_ROOT}/Target Support Files/Pods-GutenbergReaderUITests/Pods-GutenbergReaderUITests-frameworks.sh\"\n";
			showEnvVarsInLog = 0;
		};
		7A6625E917A27BE377E35A28 /* [CP] Check Pods Manifest.lock */ = {
			isa = PBXShellScriptBuildPhase;
			buildActionMask = 2147483647;
			files = (
			);
			inputFileListPaths = (
			);
			inputPaths = (
				"${PODS_PODFILE_DIR_PATH}/Podfile.lock",
				"${PODS_ROOT}/Manifest.lock",
			);
			name = "[CP] Check Pods Manifest.lock";
			outputFileListPaths = (
			);
			outputPaths = (
				"$(DERIVED_FILE_DIR)/Pods-GutenbergReader-checkManifestLockResult.txt",
			);
			runOnlyForDeploymentPostprocessing = 0;
			shellPath = /bin/sh;
			shellScript = "diff \"${PODS_PODFILE_DIR_PATH}/Podfile.lock\" \"${PODS_ROOT}/Manifest.lock\" > /dev/null\nif [ $? != 0 ] ; then\n    # print error to STDERR\n    echo \"error: The sandbox is not in sync with the Podfile.lock. Run 'pod install' or update your CocoaPods installation.\" >&2\n    exit 1\nfi\n# This output is used by Xcode 'outputs' to avoid re-running this script phase.\necho \"SUCCESS\" > \"${SCRIPT_OUTPUT_FILE_0}\"\n";
			showEnvVarsInLog = 0;
		};
		D1509651A5A5E633A09BF529 /* [CP] Check Pods Manifest.lock */ = {
			isa = PBXShellScriptBuildPhase;
			buildActionMask = 2147483647;
			files = (
			);
			inputFileListPaths = (
			);
			inputPaths = (
				"${PODS_PODFILE_DIR_PATH}/Podfile.lock",
				"${PODS_ROOT}/Manifest.lock",
			);
			name = "[CP] Check Pods Manifest.lock";
			outputFileListPaths = (
			);
			outputPaths = (
				"$(DERIVED_FILE_DIR)/Pods-GutenbergReaderTests-checkManifestLockResult.txt",
			);
			runOnlyForDeploymentPostprocessing = 0;
			shellPath = /bin/sh;
			shellScript = "diff \"${PODS_PODFILE_DIR_PATH}/Podfile.lock\" \"${PODS_ROOT}/Manifest.lock\" > /dev/null\nif [ $? != 0 ] ; then\n    # print error to STDERR\n    echo \"error: The sandbox is not in sync with the Podfile.lock. Run 'pod install' or update your CocoaPods installation.\" >&2\n    exit 1\nfi\n# This output is used by Xcode 'outputs' to avoid re-running this script phase.\necho \"SUCCESS\" > \"${SCRIPT_OUTPUT_FILE_0}\"\n";
			showEnvVarsInLog = 0;
		};
		EB07834E270373A96B3AF194 /* [CP] Embed Pods Frameworks */ = {
			isa = PBXShellScriptBuildPhase;
			buildActionMask = 2147483647;
			files = (
			);
			inputFileListPaths = (
				"${PODS_ROOT}/Target Support Files/Pods-GutenbergReaderTests/Pods-GutenbergReaderTests-frameworks-${CONFIGURATION}-input-files.xcfilelist",
			);
			name = "[CP] Embed Pods Frameworks";
			outputFileListPaths = (
				"${PODS_ROOT}/Target Support Files/Pods-GutenbergReaderTests/Pods-GutenbergReaderTests-frameworks-${CONFIGURATION}-output-files.xcfilelist",
			);
			runOnlyForDeploymentPostprocessing = 0;
			shellPath = /bin/sh;
			shellScript = "\"${PODS_ROOT}/Target Support Files/Pods-GutenbergReaderTests/Pods-GutenbergReaderTests-frameworks.sh\"\n";
			showEnvVarsInLog = 0;
		};
/* End PBXShellScriptBuildPhase section */

/* Begin PBXSourcesBuildPhase section */
		494B59382B5571B700C170F3 /* Sources */ = {
			isa = PBXSourcesBuildPhase;
			buildActionMask = 2147483647;
			files = (
				498060D02B5A8FAC00455CDF /* AppFeatureView.swift in Sources */,
				498060CE2B5A8FA000455CDF /* AppFeature.swift in Sources */,
				49ED96432B5721EE0064736F /* BookReaderView.swift in Sources */,
				498B31312B61005000462F0C /* HomeFeature.swift in Sources */,
				494B59642B55795400C170F3 /* BooksListFeature.swift in Sources */,
				494B59672B557A8800C170F3 /* BooksListClient.swift in Sources */,
				49F58C642B5D18E6004BF7FC /* SettingsFeature.swift in Sources */,
				49D4D8742B566ACB003BA161 /* BookDetailFeature.swift in Sources */,
				49F10ADB2B596B4500B23CB1 /* BookmarkAppStorage.swift in Sources */,
				499C68652B58098000FF4773 /* String+Extensions.swift in Sources */,
				49F36C982B5C614500A4A809 /* SearchFeature.swift in Sources */,
				49ED96412B5721E10064736F /* BookReaderFeature.swift in Sources */,
				498B31422B61553B00462F0C /* DownloadedBookListClient.swift in Sources */,
				498B31392B61082300462F0C /* HomeView.swift in Sources */,
				49F58C5B2B5CFEDD004BF7FC /* SearchFeatureView.swift in Sources */,
				49C0162A2B56B76C00090C31 /* FileManager+Extensions.swift in Sources */,
				498B31372B61044600462F0C /* Path.swift in Sources */,
				49071ADF2B57E30900CA3F35 /* WebView.swift in Sources */,
				49F58C662B5D1B90004BF7FC /* SettingsAppStorage.swift in Sources */,
				494B59402B5571B700C170F3 /* GutenbergReaderApp.swift in Sources */,
				49916D9A2B557E6C00DF5C0A /* Books.swift in Sources */,
				49A899A32B6293040065E0E9 /* Optional+Extensions.swift in Sources */,
				49D4D8792B566BE5003BA161 /* MockupBooks.swift in Sources */,
				493F6D762B5DA3A2007F717C /* AboutInfoView.swift in Sources */,
				493F6D732B5D7E94007F717C /* SettingsFeatureView.swift in Sources */,
				49F58C682B5D1BE7004BF7FC /* Settings.swift in Sources */,
				49C016272B56A91700090C31 /* BookDetailClient.swift in Sources */,
				49916DA42B55C13E00DF5C0A /* BooksListView.swift in Sources */,
				49C016252B56A7D700090C31 /* DownloadManager.swift in Sources */,
				49ED963E2B57137F0064736F /* AlertState+Extensions.swift in Sources */,
				49D4D8762B566B26003BA161 /* BookDetailView.swift in Sources */,
				49F2DC472B624DC900EF2654 /* BookCardView.swift in Sources */,
			);
			runOnlyForDeploymentPostprocessing = 0;
		};
		494B59542B55749500C170F3 /* Sources */ = {
			isa = PBXSourcesBuildPhase;
			buildActionMask = 2147483647;
			files = (
				49ED96452B5722490064736F /* BookReaderFeatureTests.swift in Sources */,
				498060D22B5A975200455CDF /* AppFeatureTests.swift in Sources */,
				494B59622B5576F100C170F3 /* BooksListFeatureTests.swift in Sources */,
				49F36C952B5C5CCD00A4A809 /* SearchFeatureTests.swift in Sources */,
				49D4D8722B566252003BA161 /* BookDetailFeatureTests.swift in Sources */,
				49F58C612B5D1515004BF7FC /* SettingsFeatureTests.swift in Sources */,
				498B31352B61028500462F0C /* HomeFeatureTests.swift in Sources */,
				49BC9E892B5B93E100AAAFD4 /* MockupData.swift in Sources */,
				494B595B2B55749500C170F3 /* GutenbergReaderTests.swift in Sources */,
			);
			runOnlyForDeploymentPostprocessing = 0;
		};
		499CA06C2B642A3000949D35 /* Sources */ = {
			isa = PBXSourcesBuildPhase;
			buildActionMask = 2147483647;
			files = (
				4997592B2B64F2D1005EADC6 /* GutenbergReaderHomeTests.swift in Sources */,
				499CA0732B642A3000949D35 /* GutenbergReaderUITests.swift in Sources */,
				499CA0752B642A3000949D35 /* GutenbergReaderUITestsLaunchTests.swift in Sources */,
				4997592F2B64F525005EADC6 /* SnapshotHelper.swift in Sources */,
			);
			runOnlyForDeploymentPostprocessing = 0;
		};
/* End PBXSourcesBuildPhase section */

/* Begin PBXTargetDependency section */
		494B595D2B55749500C170F3 /* PBXTargetDependency */ = {
			isa = PBXTargetDependency;
			target = 494B593B2B5571B700C170F3 /* GutenbergReader */;
			targetProxy = 494B595C2B55749500C170F3 /* PBXContainerItemProxy */;
		};
		499CA0772B642A3000949D35 /* PBXTargetDependency */ = {
			isa = PBXTargetDependency;
			target = 494B593B2B5571B700C170F3 /* GutenbergReader */;
			targetProxy = 499CA0762B642A3000949D35 /* PBXContainerItemProxy */;
		};
/* End PBXTargetDependency section */

/* Begin XCBuildConfiguration section */
		494B59482B5571B800C170F3 /* Debug */ = {
			isa = XCBuildConfiguration;
			buildSettings = {
				ALWAYS_SEARCH_USER_PATHS = NO;
				ASSETCATALOG_COMPILER_GENERATE_SWIFT_ASSET_SYMBOL_EXTENSIONS = YES;
				CLANG_ANALYZER_NONNULL = YES;
				CLANG_ANALYZER_NUMBER_OBJECT_CONVERSION = YES_AGGRESSIVE;
				CLANG_CXX_LANGUAGE_STANDARD = "gnu++20";
				CLANG_ENABLE_MODULES = YES;
				CLANG_ENABLE_OBJC_ARC = YES;
				CLANG_ENABLE_OBJC_WEAK = YES;
				CLANG_WARN_BLOCK_CAPTURE_AUTORELEASING = YES;
				CLANG_WARN_BOOL_CONVERSION = YES;
				CLANG_WARN_COMMA = YES;
				CLANG_WARN_CONSTANT_CONVERSION = YES;
				CLANG_WARN_DEPRECATED_OBJC_IMPLEMENTATIONS = YES;
				CLANG_WARN_DIRECT_OBJC_ISA_USAGE = YES_ERROR;
				CLANG_WARN_DOCUMENTATION_COMMENTS = YES;
				CLANG_WARN_EMPTY_BODY = YES;
				CLANG_WARN_ENUM_CONVERSION = YES;
				CLANG_WARN_INFINITE_RECURSION = YES;
				CLANG_WARN_INT_CONVERSION = YES;
				CLANG_WARN_NON_LITERAL_NULL_CONVERSION = YES;
				CLANG_WARN_OBJC_IMPLICIT_RETAIN_SELF = YES;
				CLANG_WARN_OBJC_LITERAL_CONVERSION = YES;
				CLANG_WARN_OBJC_ROOT_CLASS = YES_ERROR;
				CLANG_WARN_QUOTED_INCLUDE_IN_FRAMEWORK_HEADER = YES;
				CLANG_WARN_RANGE_LOOP_ANALYSIS = YES;
				CLANG_WARN_STRICT_PROTOTYPES = YES;
				CLANG_WARN_SUSPICIOUS_MOVE = YES;
				CLANG_WARN_UNGUARDED_AVAILABILITY = YES_AGGRESSIVE;
				CLANG_WARN_UNREACHABLE_CODE = YES;
				CLANG_WARN__DUPLICATE_METHOD_MATCH = YES;
				COPY_PHASE_STRIP = NO;
				DEBUG_INFORMATION_FORMAT = dwarf;
				ENABLE_STRICT_OBJC_MSGSEND = YES;
				ENABLE_TESTABILITY = YES;
				ENABLE_USER_SCRIPT_SANDBOXING = NO;
				GCC_C_LANGUAGE_STANDARD = gnu17;
				GCC_DYNAMIC_NO_PIC = NO;
				GCC_NO_COMMON_BLOCKS = YES;
				GCC_OPTIMIZATION_LEVEL = 0;
				GCC_PREPROCESSOR_DEFINITIONS = (
					"DEBUG=1",
					"$(inherited)",
				);
				GCC_WARN_64_TO_32_BIT_CONVERSION = YES;
				GCC_WARN_ABOUT_RETURN_TYPE = YES_ERROR;
				GCC_WARN_UNDECLARED_SELECTOR = YES;
				GCC_WARN_UNINITIALIZED_AUTOS = YES_AGGRESSIVE;
				GCC_WARN_UNUSED_FUNCTION = YES;
				GCC_WARN_UNUSED_VARIABLE = YES;
				IPHONEOS_DEPLOYMENT_TARGET = 17.0;
				LOCALIZATION_PREFERS_STRING_CATALOGS = YES;
				MTL_ENABLE_DEBUG_INFO = INCLUDE_SOURCE;
				MTL_FAST_MATH = YES;
				ONLY_ACTIVE_ARCH = YES;
				SDKROOT = iphoneos;
				SWIFT_ACTIVE_COMPILATION_CONDITIONS = "DEBUG $(inherited)";
				SWIFT_OPTIMIZATION_LEVEL = "-Onone";
			};
			name = Debug;
		};
		494B59492B5571B800C170F3 /* Release */ = {
			isa = XCBuildConfiguration;
			buildSettings = {
				ALWAYS_SEARCH_USER_PATHS = NO;
				ASSETCATALOG_COMPILER_GENERATE_SWIFT_ASSET_SYMBOL_EXTENSIONS = YES;
				CLANG_ANALYZER_NONNULL = YES;
				CLANG_ANALYZER_NUMBER_OBJECT_CONVERSION = YES_AGGRESSIVE;
				CLANG_CXX_LANGUAGE_STANDARD = "gnu++20";
				CLANG_ENABLE_MODULES = YES;
				CLANG_ENABLE_OBJC_ARC = YES;
				CLANG_ENABLE_OBJC_WEAK = YES;
				CLANG_WARN_BLOCK_CAPTURE_AUTORELEASING = YES;
				CLANG_WARN_BOOL_CONVERSION = YES;
				CLANG_WARN_COMMA = YES;
				CLANG_WARN_CONSTANT_CONVERSION = YES;
				CLANG_WARN_DEPRECATED_OBJC_IMPLEMENTATIONS = YES;
				CLANG_WARN_DIRECT_OBJC_ISA_USAGE = YES_ERROR;
				CLANG_WARN_DOCUMENTATION_COMMENTS = YES;
				CLANG_WARN_EMPTY_BODY = YES;
				CLANG_WARN_ENUM_CONVERSION = YES;
				CLANG_WARN_INFINITE_RECURSION = YES;
				CLANG_WARN_INT_CONVERSION = YES;
				CLANG_WARN_NON_LITERAL_NULL_CONVERSION = YES;
				CLANG_WARN_OBJC_IMPLICIT_RETAIN_SELF = YES;
				CLANG_WARN_OBJC_LITERAL_CONVERSION = YES;
				CLANG_WARN_OBJC_ROOT_CLASS = YES_ERROR;
				CLANG_WARN_QUOTED_INCLUDE_IN_FRAMEWORK_HEADER = YES;
				CLANG_WARN_RANGE_LOOP_ANALYSIS = YES;
				CLANG_WARN_STRICT_PROTOTYPES = YES;
				CLANG_WARN_SUSPICIOUS_MOVE = YES;
				CLANG_WARN_UNGUARDED_AVAILABILITY = YES_AGGRESSIVE;
				CLANG_WARN_UNREACHABLE_CODE = YES;
				CLANG_WARN__DUPLICATE_METHOD_MATCH = YES;
				COPY_PHASE_STRIP = NO;
				DEBUG_INFORMATION_FORMAT = "dwarf-with-dsym";
				ENABLE_NS_ASSERTIONS = NO;
				ENABLE_STRICT_OBJC_MSGSEND = YES;
				ENABLE_USER_SCRIPT_SANDBOXING = NO;
				GCC_C_LANGUAGE_STANDARD = gnu17;
				GCC_NO_COMMON_BLOCKS = YES;
				GCC_WARN_64_TO_32_BIT_CONVERSION = YES;
				GCC_WARN_ABOUT_RETURN_TYPE = YES_ERROR;
				GCC_WARN_UNDECLARED_SELECTOR = YES;
				GCC_WARN_UNINITIALIZED_AUTOS = YES_AGGRESSIVE;
				GCC_WARN_UNUSED_FUNCTION = YES;
				GCC_WARN_UNUSED_VARIABLE = YES;
				IPHONEOS_DEPLOYMENT_TARGET = 17.0;
				LOCALIZATION_PREFERS_STRING_CATALOGS = YES;
				MTL_ENABLE_DEBUG_INFO = NO;
				MTL_FAST_MATH = YES;
				SDKROOT = iphoneos;
				SWIFT_COMPILATION_MODE = wholemodule;
				VALIDATE_PRODUCT = YES;
			};
			name = Release;
		};
		494B594B2B5571B800C170F3 /* Debug */ = {
			isa = XCBuildConfiguration;
			baseConfigurationReference = 3787D02E3D740F8C4B2433D9 /* Pods-GutenbergReader.debug.xcconfig */;
			buildSettings = {
				ASSETCATALOG_COMPILER_APPICON_NAME = AppIcon;
				ASSETCATALOG_COMPILER_GLOBAL_ACCENT_COLOR_NAME = AccentColor;
				CODE_SIGN_STYLE = Automatic;
				CURRENT_PROJECT_VERSION = 1;
				DEVELOPMENT_ASSET_PATHS = "\"GutenbergReader/Preview Content\"";
				DEVELOPMENT_TEAM = 6FYBSB5TJR;
				ENABLE_PREVIEWS = YES;
				EXCLUDED_ARCHS = "";
				GENERATE_INFOPLIST_FILE = YES;
				INFOPLIST_FILE = GutenbergReader/Info.plist;
				INFOPLIST_KEY_UIApplicationSceneManifest_Generation = YES;
				INFOPLIST_KEY_UIApplicationSupportsIndirectInputEvents = YES;
				INFOPLIST_KEY_UILaunchScreen_Generation = YES;
				INFOPLIST_KEY_UILaunchStoryboardName = "Launch Screen.storyboard";
				INFOPLIST_KEY_UISupportedInterfaceOrientations = "UIInterfaceOrientationLandscapeLeft UIInterfaceOrientationLandscapeRight UIInterfaceOrientationPortrait";
				INFOPLIST_KEY_UISupportedInterfaceOrientations_iPad = "UIInterfaceOrientationLandscapeLeft UIInterfaceOrientationLandscapeRight UIInterfaceOrientationPortrait UIInterfaceOrientationPortraitUpsideDown";
				IPHONEOS_DEPLOYMENT_TARGET = 16.0;
				LD_RUNPATH_SEARCH_PATHS = (
					"$(inherited)",
					"@executable_path/Frameworks",
				);
				MARKETING_VERSION = 1.0;
				PRODUCT_BUNDLE_IDENTIFIER = com.fikretozdil.GutenbergReader;
				PRODUCT_NAME = "$(TARGET_NAME)";
				SUPPORTED_PLATFORMS = "iphoneos iphonesimulator";
				SUPPORTS_MACCATALYST = NO;
				SUPPORTS_MAC_DESIGNED_FOR_IPHONE_IPAD = NO;
				SUPPORTS_XR_DESIGNED_FOR_IPHONE_IPAD = NO;
				SWIFT_EMIT_LOC_STRINGS = YES;
				SWIFT_VERSION = 5.0;
				TARGETED_DEVICE_FAMILY = 1;
			};
			name = Debug;
		};
		494B594C2B5571B800C170F3 /* Release */ = {
			isa = XCBuildConfiguration;
			baseConfigurationReference = 2632FD49AE7E3E880791F24D /* Pods-GutenbergReader.release.xcconfig */;
			buildSettings = {
				ASSETCATALOG_COMPILER_APPICON_NAME = AppIcon;
				ASSETCATALOG_COMPILER_GLOBAL_ACCENT_COLOR_NAME = AccentColor;
				CODE_SIGN_STYLE = Automatic;
				CURRENT_PROJECT_VERSION = 1;
				DEVELOPMENT_ASSET_PATHS = "\"GutenbergReader/Preview Content\"";
				DEVELOPMENT_TEAM = 6FYBSB5TJR;
				ENABLE_PREVIEWS = YES;
				EXCLUDED_ARCHS = "";
				GENERATE_INFOPLIST_FILE = YES;
				INFOPLIST_FILE = GutenbergReader/Info.plist;
				INFOPLIST_KEY_UIApplicationSceneManifest_Generation = YES;
				INFOPLIST_KEY_UIApplicationSupportsIndirectInputEvents = YES;
				INFOPLIST_KEY_UILaunchScreen_Generation = YES;
				INFOPLIST_KEY_UILaunchStoryboardName = "Launch Screen.storyboard";
				INFOPLIST_KEY_UISupportedInterfaceOrientations = "UIInterfaceOrientationLandscapeLeft UIInterfaceOrientationLandscapeRight UIInterfaceOrientationPortrait";
				INFOPLIST_KEY_UISupportedInterfaceOrientations_iPad = "UIInterfaceOrientationLandscapeLeft UIInterfaceOrientationLandscapeRight UIInterfaceOrientationPortrait UIInterfaceOrientationPortraitUpsideDown";
				IPHONEOS_DEPLOYMENT_TARGET = 16.0;
				LD_RUNPATH_SEARCH_PATHS = (
					"$(inherited)",
					"@executable_path/Frameworks",
				);
				MARKETING_VERSION = 1.0;
				ONLY_ACTIVE_ARCH = YES;
				PRODUCT_BUNDLE_IDENTIFIER = com.fikretozdil.GutenbergReader;
				PRODUCT_NAME = "$(TARGET_NAME)";
				SUPPORTED_PLATFORMS = "iphoneos iphonesimulator";
				SUPPORTS_MACCATALYST = NO;
				SUPPORTS_MAC_DESIGNED_FOR_IPHONE_IPAD = NO;
				SUPPORTS_XR_DESIGNED_FOR_IPHONE_IPAD = NO;
				SWIFT_EMIT_LOC_STRINGS = YES;
				SWIFT_VERSION = 5.0;
				TARGETED_DEVICE_FAMILY = 1;
			};
			name = Release;
		};
		494B595F2B55749500C170F3 /* Debug */ = {
			isa = XCBuildConfiguration;
			baseConfigurationReference = 71B1BC481FC7FDDE401294B8 /* Pods-GutenbergReaderTests.debug.xcconfig */;
			buildSettings = {
				BUNDLE_LOADER = "$(TEST_HOST)";
				CODE_SIGN_STYLE = Automatic;
				CURRENT_PROJECT_VERSION = 1;
				DEVELOPMENT_TEAM = 6FYBSB5TJR;
				GENERATE_INFOPLIST_FILE = YES;
				INFOPLIST_FILE = GutenbergReaderTests/Info.plist;
				IPHONEOS_DEPLOYMENT_TARGET = 16.0;
				MARKETING_VERSION = 1.0;
				PRODUCT_BUNDLE_IDENTIFIER = com.fikretozdil.GutenbergReaderTests;
				PRODUCT_NAME = "$(TARGET_NAME)";
				SUPPORTED_PLATFORMS = "iphoneos iphonesimulator";
				SUPPORTS_MACCATALYST = NO;
				SUPPORTS_MAC_DESIGNED_FOR_IPHONE_IPAD = NO;
				SUPPORTS_XR_DESIGNED_FOR_IPHONE_IPAD = NO;
				SWIFT_EMIT_LOC_STRINGS = NO;
				SWIFT_VERSION = 5.0;
				TARGETED_DEVICE_FAMILY = 1;
				TEST_HOST = "$(BUILT_PRODUCTS_DIR)/GutenbergReader.app/$(BUNDLE_EXECUTABLE_FOLDER_PATH)/GutenbergReader";
			};
			name = Debug;
		};
		494B59602B55749500C170F3 /* Release */ = {
			isa = XCBuildConfiguration;
			baseConfigurationReference = 279B5EF065F006E774DD5A9A /* Pods-GutenbergReaderTests.release.xcconfig */;
			buildSettings = {
				BUNDLE_LOADER = "$(TEST_HOST)";
				CODE_SIGN_STYLE = Automatic;
				CURRENT_PROJECT_VERSION = 1;
				DEVELOPMENT_TEAM = 6FYBSB5TJR;
				GENERATE_INFOPLIST_FILE = YES;
				INFOPLIST_FILE = GutenbergReaderTests/Info.plist;
				IPHONEOS_DEPLOYMENT_TARGET = 16.0;
				MARKETING_VERSION = 1.0;
				PRODUCT_BUNDLE_IDENTIFIER = com.fikretozdil.GutenbergReaderTests;
				PRODUCT_NAME = "$(TARGET_NAME)";
				SUPPORTED_PLATFORMS = "iphoneos iphonesimulator";
				SUPPORTS_MACCATALYST = NO;
				SUPPORTS_MAC_DESIGNED_FOR_IPHONE_IPAD = NO;
				SUPPORTS_XR_DESIGNED_FOR_IPHONE_IPAD = NO;
				SWIFT_EMIT_LOC_STRINGS = NO;
				SWIFT_VERSION = 5.0;
				TARGETED_DEVICE_FAMILY = 1;
				TEST_HOST = "$(BUILT_PRODUCTS_DIR)/GutenbergReader.app/$(BUNDLE_EXECUTABLE_FOLDER_PATH)/GutenbergReader";
			};
			name = Release;
		};
		499CA0782B642A3000949D35 /* Debug */ = {
			isa = XCBuildConfiguration;
			baseConfigurationReference = 752C114D01EA29CA86D26E72 /* Pods-GutenbergReaderUITests.debug.xcconfig */;
			buildSettings = {
				CODE_SIGN_STYLE = Automatic;
				CURRENT_PROJECT_VERSION = 1;
				DEVELOPMENT_TEAM = 6FYBSB5TJR;
				GENERATE_INFOPLIST_FILE = YES;
				IPHONEOS_DEPLOYMENT_TARGET = 16.0;
				MARKETING_VERSION = 1.0;
				PRODUCT_BUNDLE_IDENTIFIER = com.fikretozdil.GutenbergReaderUITests;
				PRODUCT_NAME = "$(TARGET_NAME)";
				SUPPORTED_PLATFORMS = "iphoneos iphonesimulator";
				SUPPORTS_MACCATALYST = NO;
				SUPPORTS_MAC_DESIGNED_FOR_IPHONE_IPAD = NO;
				SUPPORTS_XR_DESIGNED_FOR_IPHONE_IPAD = NO;
				SWIFT_EMIT_LOC_STRINGS = NO;
				SWIFT_VERSION = 5.0;
				TARGETED_DEVICE_FAMILY = 1;
				TEST_TARGET_NAME = GutenbergReader;
			};
			name = Debug;
		};
		499CA0792B642A3000949D35 /* Release */ = {
			isa = XCBuildConfiguration;
			baseConfigurationReference = 636BCD85876507BD3C80807C /* Pods-GutenbergReaderUITests.release.xcconfig */;
			buildSettings = {
				CODE_SIGN_STYLE = Automatic;
				CURRENT_PROJECT_VERSION = 1;
				DEVELOPMENT_TEAM = 6FYBSB5TJR;
				GENERATE_INFOPLIST_FILE = YES;
				IPHONEOS_DEPLOYMENT_TARGET = 16.0;
				MARKETING_VERSION = 1.0;
				PRODUCT_BUNDLE_IDENTIFIER = com.fikretozdil.GutenbergReaderUITests;
				PRODUCT_NAME = "$(TARGET_NAME)";
				SUPPORTED_PLATFORMS = "iphoneos iphonesimulator";
				SUPPORTS_MACCATALYST = NO;
				SUPPORTS_MAC_DESIGNED_FOR_IPHONE_IPAD = NO;
				SUPPORTS_XR_DESIGNED_FOR_IPHONE_IPAD = NO;
				SWIFT_EMIT_LOC_STRINGS = NO;
				SWIFT_VERSION = 5.0;
				TARGETED_DEVICE_FAMILY = 1;
				TEST_TARGET_NAME = GutenbergReader;
			};
			name = Release;
		};
/* End XCBuildConfiguration section */

/* Begin XCConfigurationList section */
		494B59372B5571B700C170F3 /* Build configuration list for PBXProject "GutenbergReader" */ = {
			isa = XCConfigurationList;
			buildConfigurations = (
				494B59482B5571B800C170F3 /* Debug */,
				494B59492B5571B800C170F3 /* Release */,
			);
			defaultConfigurationIsVisible = 0;
			defaultConfigurationName = Release;
		};
		494B594A2B5571B800C170F3 /* Build configuration list for PBXNativeTarget "GutenbergReader" */ = {
			isa = XCConfigurationList;
			buildConfigurations = (
				494B594B2B5571B800C170F3 /* Debug */,
				494B594C2B5571B800C170F3 /* Release */,
			);
			defaultConfigurationIsVisible = 0;
			defaultConfigurationName = Release;
		};
		494B595E2B55749500C170F3 /* Build configuration list for PBXNativeTarget "GutenbergReaderTests" */ = {
			isa = XCConfigurationList;
			buildConfigurations = (
				494B595F2B55749500C170F3 /* Debug */,
				494B59602B55749500C170F3 /* Release */,
			);
			defaultConfigurationIsVisible = 0;
			defaultConfigurationName = Release;
		};
		499CA07A2B642A3000949D35 /* Build configuration list for PBXNativeTarget "GutenbergReaderUITests" */ = {
			isa = XCConfigurationList;
			buildConfigurations = (
				499CA0782B642A3000949D35 /* Debug */,
				499CA0792B642A3000949D35 /* Release */,
			);
			defaultConfigurationIsVisible = 0;
			defaultConfigurationName = Release;
		};
/* End XCConfigurationList section */

/* Begin XCRemoteSwiftPackageReference section */
		494B594D2B55728900C170F3 /* XCRemoteSwiftPackageReference "swift-composable-architecture" */ = {
			isa = XCRemoteSwiftPackageReference;
			repositoryURL = "https://github.com/pointfreeco/swift-composable-architecture";
			requirement = {
				kind = upToNextMajorVersion;
				minimumVersion = 1.6.0;
			};
		};
/* End XCRemoteSwiftPackageReference section */

/* Begin XCSwiftPackageProductDependency section */
		494B594E2B55728A00C170F3 /* ComposableArchitecture */ = {
			isa = XCSwiftPackageProductDependency;
			package = 494B594D2B55728900C170F3 /* XCRemoteSwiftPackageReference "swift-composable-architecture" */;
			productName = ComposableArchitecture;
		};
/* End XCSwiftPackageProductDependency section */
	};
	rootObject = 494B59342B5571B700C170F3 /* Project object */;
}
